<?xml version="1.0" encoding="utf-8"?>
<Project ToolsVersion="4.0" xmlns="http://schemas.microsoft.com/developer/msbuild/2003">
  <ItemGroup>
    <Filter Include="Source Files">
      <UniqueIdentifier>{4FC737F1-C7A5-4376-A066-2A32D752A2FF}</UniqueIdentifier>
      <Extensions>cpp;c;cc;cxx;c++;cppm;ixx;def;odl;idl;hpj;bat;asm;asmx</Extensions>
    </Filter>
    <Filter Include="Header Files">
      <UniqueIdentifier>{93995380-89BD-4b04-88EB-625FBE52EBFB}</UniqueIdentifier>
      <Extensions>h;hh;hpp;hxx;h++;hm;inl;inc;ipp;xsd</Extensions>
    </Filter>
    <Filter Include="Resource Files">
      <UniqueIdentifier>{67DA6AB6-F800-4c08-8B7A-83BB121AAD01}</UniqueIdentifier>
      <Extensions>rc;ico;cur;bmp;dlg;rc2;rct;bin;rgs;gif;jpg;jpeg;jpe;resx;tiff;tif;png;wav;mfcribbon-ms</Extensions>
    </Filter>
    <Filter Include="Header Files\internal">
      <UniqueIdentifier>{2c08058b-b6eb-4a03-a4e0-1a45d47d5d62}</UniqueIdentifier>
    </Filter>
    <Filter Include="Header Files\internal\backend_impls">
      <UniqueIdentifier>{06fb0689-7bfe-4299-916a-75de09d75eff}</UniqueIdentifier>
    </Filter>
    <Filter Include="Header Files\internal\backend_impls\backend_window_helper">
      <UniqueIdentifier>{e3cb910e-252b-4bda-a20c-dbdf050fbbec}</UniqueIdentifier>
    </Filter>
    <Filter Include="Header Files\internal\whereami">
      <UniqueIdentifier>{32ab2c6d-2da1-44aa-9fea-78d198cea8ab}</UniqueIdentifier>
    </Filter>
    <Filter Include="Header Files\widgets">
      <UniqueIdentifier>{4d407e0b-badf-489d-aca5-855b1db388b9}</UniqueIdentifier>
    </Filter>
    <Filter Include="Source Files\internal">
      <UniqueIdentifier>{2c6d6b1d-5786-4019-998b-c39800b28059}</UniqueIdentifier>
    </Filter>
    <Filter Include="Source Files\widgets">
      <UniqueIdentifier>{68fcbb5e-7ba5-4e91-a3d7-e7a17427835d}</UniqueIdentifier>
    </Filter>
    <Filter Include="Source Files\internal\whereami">
      <UniqueIdentifier>{33287f2c-f4c6-4b94-aee2-7dce07ea758b}</UniqueIdentifier>
    </Filter>
    <Filter Include="Source Files\internal\backend_impls">
      <UniqueIdentifier>{a6e63b73-3ca2-4885-a7c4-364c9b0647a4}</UniqueIdentifier>
    </Filter>
    <Filter Include="Source Files\internal\backend_impls\backend_window_helper">
      <UniqueIdentifier>{57877b22-80e7-4605-858b-3bfac09d72c5}</UniqueIdentifier>
    </Filter>
    <Filter Include="Header Files\backends">
      <UniqueIdentifier>{7e0fc36c-da4d-43ad-b857-335d04379572}</UniqueIdentifier>
    </Filter>
    <Filter Include="Source Files\backends">
      <UniqueIdentifier>{16c4f61c-7633-490b-ad77-6a77748be634}</UniqueIdentifier>
    </Filter>
    <Filter Include="Header Files\internal\backend_impls\opengl_setup_helper">
      <UniqueIdentifier>{cca136d5-0388-4a09-a2be-01a8afd7b2f9}</UniqueIdentifier>
    </Filter>
    <Filter Include="Source Files\internal\backend_impls\opengl_setup_helper">
      <UniqueIdentifier>{224782a4-f10f-4642-93dc-8a1b86019882}</UniqueIdentifier>
    </Filter>
    <Filter Include="Header Files\internal\platform">
      <UniqueIdentifier>{aa575550-54b8-4566-9424-e8ebc15a9d55}</UniqueIdentifier>
    </Filter>
    <Filter Include="Source Files\internal\platform">
      <UniqueIdentifier>{b04085a9-e7ff-4dab-8d0b-556a034a3b79}</UniqueIdentifier>
    </Filter>
    <Filter Include="Header Files\external">
      <UniqueIdentifier>{25409234-7bd6-45d7-9844-0cc2721faeef}</UniqueIdentifier>
    </Filter>
    <Filter Include="Source Files\external">
      <UniqueIdentifier>{b2db98c8-b21f-4482-a759-c86524697aa2}</UniqueIdentifier>
    </Filter>
  </ItemGroup>
  <ItemGroup>
    <ClInclude Include="..\..\contrib\hello_imgui\src\hello_imgui\app_window_params.h">
      <Filter>Header Files</Filter>
    </ClInclude>
    <ClInclude Include="..\..\contrib\hello_imgui\src\hello_imgui\backend_pointers.h">
      <Filter>Header Files</Filter>
    </ClInclude>
    <ClInclude Include="..\..\contrib\hello_imgui\src\hello_imgui\docking_params.h">
      <Filter>Header Files</Filter>
    </ClInclude>
    <ClInclude Include="..\..\contrib\hello_imgui\src\hello_imgui\dpi_aware.h">
      <Filter>Header Files</Filter>
    </ClInclude>
    <ClInclude Include="..\..\contrib\hello_imgui\src\hello_imgui\hello_imgui.h">
      <Filter>Header Files</Filter>
    </ClInclude>
    <ClInclude Include="..\..\contrib\hello_imgui\src\hello_imgui\hello_imgui_assets.h">
      <Filter>Header Files</Filter>
    </ClInclude>
    <ClInclude Include="..\..\contrib\hello_imgui\src\hello_imgui\hello_imgui_error.h">
      <Filter>Header Files</Filter>
    </ClInclude>
    <ClInclude Include="..\..\contrib\hello_imgui\src\hello_imgui\hello_imgui_logger.h">
      <Filter>Header Files</Filter>
    </ClInclude>
    <ClInclude Include="..\..\contrib\hello_imgui\src\hello_imgui\hello_imgui_screenshot.h">
      <Filter>Header Files</Filter>
    </ClInclude>
    <ClInclude Include="..\..\contrib\hello_imgui\src\hello_imgui\hello_imgui_theme.h">
      <Filter>Header Files</Filter>
    </ClInclude>
    <ClInclude Include="..\..\contrib\hello_imgui\src\hello_imgui\icons_font_awesome.h">
      <Filter>Header Files</Filter>
    </ClInclude>
    <ClInclude Include="..\..\contrib\hello_imgui\src\hello_imgui\image_from_asset.h">
      <Filter>Header Files</Filter>
    </ClInclude>
    <ClInclude Include="..\..\contrib\hello_imgui\src\hello_imgui\imgui_default_settings.h">
      <Filter>Header Files</Filter>
    </ClInclude>
    <ClInclude Include="..\..\contrib\hello_imgui\src\hello_imgui\imgui_theme.h">
      <Filter>Header Files</Filter>
    </ClInclude>
    <ClInclude Include="..\..\contrib\hello_imgui\src\hello_imgui\imgui_window_params.h">
      <Filter>Header Files</Filter>
    </ClInclude>
    <ClInclude Include="..\..\contrib\hello_imgui\src\hello_imgui\runner_callbacks.h">
      <Filter>Header Files</Filter>
    </ClInclude>
    <ClInclude Include="..\..\contrib\hello_imgui\src\hello_imgui\runner_params.h">
      <Filter>Header Files</Filter>
    </ClInclude>
    <ClInclude Include="..\..\contrib\hello_imgui\src\hello_imgui\screen_bounds.h">
      <Filter>Header Files</Filter>
    </ClInclude>
    <ClInclude Include="..\..\contrib\hello_imgui\src\hello_imgui\internal\clock_seconds.h">
      <Filter>Header Files\internal</Filter>
    </ClInclude>
    <ClInclude Include="..\..\contrib\hello_imgui\src\hello_imgui\internal\docking_details.h">
      <Filter>Header Files\internal</Filter>
    </ClInclude>
    <ClInclude Include="..\..\contrib\hello_imgui\src\hello_imgui\internal\functional_utils.h">
      <Filter>Header Files\internal</Filter>
    </ClInclude>
    <ClInclude Include="..\..\contrib\hello_imgui\src\hello_imgui\internal\hello_imgui_ini_settings.h">
      <Filter>Header Files\internal</Filter>
    </ClInclude>
    <ClInclude Include="..\..\contrib\hello_imgui\src\hello_imgui\internal\imgui_global_context.h">
      <Filter>Header Files\internal</Filter>
    </ClInclude>
    <ClInclude Include="..\..\contrib\hello_imgui\src\hello_imgui\internal\imguial_term.h">
      <Filter>Header Files\internal</Filter>
    </ClInclude>
    <ClInclude Include="..\..\contrib\hello_imgui\src\hello_imgui\internal\inicpp.h">
      <Filter>Header Files\internal</Filter>
    </ClInclude>
    <ClInclude Include="..\..\contrib\hello_imgui\src\hello_imgui\internal\main_screen_resolution.h">
      <Filter>Header Files\internal</Filter>
    </ClInclude>
    <ClInclude Include="..\..\contrib\hello_imgui\src\hello_imgui\internal\menu_statusbar.h">
      <Filter>Header Files\internal</Filter>
    </ClInclude>
    <ClInclude Include="..\..\contrib\hello_imgui\src\hello_imgui\internal\pnm.h">
      <Filter>Header Files\internal</Filter>
    </ClInclude>
    <ClInclude Include="pch.h">
      <Filter>Header Files</Filter>
    </ClInclude>
    <ClInclude Include="..\..\contrib\hello_imgui\src\hello_imgui\internal\backend_impls\abstract_runner.h">
      <Filter>Header Files\internal\backend_impls</Filter>
    </ClInclude>
    <ClInclude Include="..\..\contrib\hello_imgui\src\hello_imgui\internal\backend_impls\runner_factory.h">
      <Filter>Header Files\internal\backend_impls</Filter>
    </ClInclude>
    <ClInclude Include="..\..\contrib\hello_imgui\src\hello_imgui\internal\backend_impls\backend_window_helper\backend_window_helper.h">
      <Filter>Header Files\internal\backend_impls\backend_window_helper</Filter>
    </ClInclude>
    <ClInclude Include="..\..\contrib\hello_imgui\src\hello_imgui\internal\backend_impls\backend_window_helper\glfw_window_helper.h">
      <Filter>Header Files\internal\backend_impls\backend_window_helper</Filter>
    </ClInclude>
    <ClInclude Include="..\..\contrib\hello_imgui\src\hello_imgui\internal\backend_impls\backend_window_helper\win32_dpi_awareness.h">
      <Filter>Header Files\internal\backend_impls\backend_window_helper</Filter>
    </ClInclude>
    <ClInclude Include="..\..\contrib\hello_imgui\src\hello_imgui\internal\backend_impls\backend_window_helper\window_geometry_helper.h">
      <Filter>Header Files\internal\backend_impls\backend_window_helper</Filter>
    </ClInclude>
    <ClInclude Include="..\..\contrib\hello_imgui\src\hello_imgui\internal\whereami\whereami.h">
      <Filter>Header Files\internal\whereami</Filter>
    </ClInclude>
    <ClInclude Include="..\..\contrib\hello_imgui\src\hello_imgui\internal\whereami\whereami_cpp.h">
      <Filter>Header Files\internal\whereami</Filter>
    </ClInclude>
    <ClInclude Include="..\..\contrib\hello_imgui\src\hello_imgui\widgets\logger.h">
      <Filter>Header Files\widgets</Filter>
    </ClInclude>
    <ClInclude Include="backends\imgui_impl_opengl3.h">
      <Filter>Header Files\backends</Filter>
    </ClInclude>
    <ClInclude Include="..\..\contrib\hello_imgui\src\hello_imgui\internal\backend_impls\opengl_setup_helper\opengl_screenshot.h">
      <Filter>Header Files\internal\backend_impls\opengl_setup_helper</Filter>
    </ClInclude>
    <ClInclude Include="..\..\contrib\hello_imgui\src\hello_imgui\internal\backend_impls\opengl_setup_helper\opengl_setup_api.h">
      <Filter>Header Files\internal\backend_impls\opengl_setup_helper</Filter>
    </ClInclude>
    <ClInclude Include="..\..\contrib\hello_imgui\src\hello_imgui\internal\backend_impls\opengl_setup_helper\opengl_setup_glfw.h">
      <Filter>Header Files\internal\backend_impls\opengl_setup_helper</Filter>
    </ClInclude>
    <ClInclude Include="..\..\contrib\hello_imgui\src\hello_imgui\hello_imgui_include_opengl.h">
      <Filter>Header Files</Filter>
    </ClInclude>
    <ClInclude Include="backends\imgui_impl_glfw.h">
      <Filter>Header Files\backends</Filter>
    </ClInclude>
    <ClInclude Include="backends\imgui_impl_opengl3_loader.h">
      <Filter>Header Files\backends</Filter>
    </ClInclude>
    <ClInclude Include="..\..\contrib\hello_imgui\src\hello_imgui\hello_imgui_widgets.h">
      <Filter>Header Files</Filter>
    </ClInclude>
    <ClInclude Include="..\..\contrib\hello_imgui\src\hello_imgui\hello_imgui_font.h">
      <Filter>Header Files</Filter>
    </ClInclude>
    <ClInclude Include="..\..\contrib\hello_imgui\src\hello_imgui\internal\image_abstract.h">
      <Filter>Header Files\internal</Filter>
    </ClInclude>
    <ClInclude Include="..\..\contrib\hello_imgui\src\hello_imgui\internal\image_dx11.h">
      <Filter>Header Files\internal</Filter>
    </ClInclude>
    <ClInclude Include="..\..\contrib\hello_imgui\src\hello_imgui\internal\image_metal.h">
      <Filter>Header Files\internal</Filter>
    </ClInclude>
    <ClInclude Include="..\..\contrib\hello_imgui\src\hello_imgui\internal\image_opengl.h">
      <Filter>Header Files\internal</Filter>
    </ClInclude>
    <ClInclude Include="..\..\contrib\hello_imgui\src\hello_imgui\internal\image_vulkan.h">
      <Filter>Header Files\internal</Filter>
    </ClInclude>
    <ClInclude Include="..\..\contrib\hello_imgui\src\hello_imgui\internal\borderless_movable.h">
      <Filter>Header Files\internal</Filter>
    </ClInclude>
    <ClInclude Include="..\..\contrib\hello_imgui\src\hello_imgui\internal\backend_impls\rendering_callbacks.h">
      <Filter>Header Files\internal\backend_impls</Filter>
    </ClInclude>
    <ClInclude Include="..\..\contrib\hello_imgui\src\hello_imgui\internal\backend_impls\rendering_dx11.h">
      <Filter>Header Files\internal\backend_impls</Filter>
    </ClInclude>
    <ClInclude Include="..\..\contrib\hello_imgui\src\hello_imgui\internal\backend_impls\rendering_dx12.h">
      <Filter>Header Files\internal\backend_impls</Filter>
    </ClInclude>
    <ClInclude Include="..\..\contrib\hello_imgui\src\hello_imgui\internal\backend_impls\rendering_metal.h">
      <Filter>Header Files\internal\backend_impls</Filter>
    </ClInclude>
    <ClInclude Include="..\..\contrib\hello_imgui\src\hello_imgui\internal\backend_impls\rendering_opengl3.h">
      <Filter>Header Files\internal\backend_impls</Filter>
    </ClInclude>
    <ClInclude Include="..\..\contrib\hello_imgui\src\hello_imgui\internal\backend_impls\rendering_vulkan.h">
      <Filter>Header Files\internal\backend_impls</Filter>
    </ClInclude>
    <ClInclude Include="..\..\contrib\hello_imgui\src\hello_imgui\internal\backend_impls\runner_emscripten.h">
      <Filter>Header Files\internal\backend_impls</Filter>
    </ClInclude>
    <ClInclude Include="..\..\contrib\hello_imgui\src\hello_imgui\internal\backend_impls\runner_glfw3.h">
      <Filter>Header Files\internal\backend_impls</Filter>
    </ClInclude>
    <ClInclude Include="..\..\contrib\hello_imgui\src\hello_imgui\internal\backend_impls\runner_sdl2.h">
      <Filter>Header Files\internal\backend_impls</Filter>
    </ClInclude>
    <ClInclude Include="..\..\contrib\hello_imgui\src\hello_imgui\internal\backend_impls\backend_window_helper\sdl_window_helper.h">
      <Filter>Header Files\internal\backend_impls\backend_window_helper</Filter>
    </ClInclude>
    <ClInclude Include="..\..\contrib\hello_imgui\src\hello_imgui\internal\backend_impls\opengl_setup_helper\opengl_setup_sdl.h">
      <Filter>Header Files\internal\backend_impls\opengl_setup_helper</Filter>
    </ClInclude>
    <ClInclude Include="..\..\contrib\hello_imgui\src\hello_imgui\internal\platform\ini_folder_locations.h">
      <Filter>Header Files\internal\platform</Filter>
    </ClInclude>
    <ClInclude Include="..\..\contrib\hello_imgui\external\stb_hello_imgui\stb_image.h">
      <Filter>Header Files\external</Filter>
    </ClInclude>
    <ClInclude Include="..\..\contrib\hello_imgui\external\stb_hello_imgui\stb_image_write.h">
      <Filter>Header Files\external</Filter>
    </ClInclude>
  </ItemGroup>
  <ItemGroup>
    <ClCompile Include="..\..\contrib\hello_imgui\src\hello_imgui\dpi_aware.cpp">
      <Filter>Source Files</Filter>
    </ClCompile>
    <ClCompile Include="..\..\contrib\hello_imgui\src\hello_imgui\hello_imgui.cpp">
      <Filter>Source Files</Filter>
    </ClCompile>
    <ClCompile Include="..\..\contrib\hello_imgui\src\hello_imgui\hello_imgui_screenshot.cpp">
      <Filter>Source Files</Filter>
    </ClCompile>
    <ClCompile Include="..\..\contrib\hello_imgui\src\hello_imgui\hello_imgui_theme.cpp">
      <Filter>Source Files</Filter>
    </ClCompile>
    <ClCompile Include="..\..\contrib\hello_imgui\src\hello_imgui\imgui_default_settings.cpp">
      <Filter>Source Files</Filter>
    </ClCompile>
    <ClCompile Include="..\..\contrib\hello_imgui\src\hello_imgui\imgui_theme.cpp">
      <Filter>Source Files</Filter>
    </ClCompile>
    <ClCompile Include="..\..\contrib\hello_imgui\src\hello_imgui\runner_callbacks.cpp">
      <Filter>Source Files</Filter>
    </ClCompile>
    <ClCompile Include="..\..\contrib\hello_imgui\src\hello_imgui\runner_params.cpp">
      <Filter>Source Files</Filter>
    </ClCompile>
    <ClCompile Include="..\..\contrib\hello_imgui\src\hello_imgui\screen_bounds.cpp">
      <Filter>Source Files</Filter>
    </ClCompile>
    <ClCompile Include="..\..\contrib\hello_imgui\src\hello_imgui\widgets\logger.cpp">
      <Filter>Source Files\widgets</Filter>
    </ClCompile>
    <ClCompile Include="..\..\contrib\hello_imgui\src\hello_imgui\internal\clock_seconds.cpp">
      <Filter>Source Files\internal</Filter>
    </ClCompile>
    <ClCompile Include="..\..\contrib\hello_imgui\src\hello_imgui\internal\docking_details.cpp">
      <Filter>Source Files\internal</Filter>
    </ClCompile>
    <ClCompile Include="..\..\contrib\hello_imgui\src\hello_imgui\internal\functional_utils.cpp">
      <Filter>Source Files\internal</Filter>
    </ClCompile>
    <ClCompile Include="..\..\contrib\hello_imgui\src\hello_imgui\internal\hello_imgui_assets.cpp">
      <Filter>Source Files\internal</Filter>
    </ClCompile>
    <ClCompile Include="..\..\contrib\hello_imgui\src\hello_imgui\internal\hello_imgui_ini_settings.cpp">
      <Filter>Source Files\internal</Filter>
    </ClCompile>
    <ClCompile Include="..\..\contrib\hello_imgui\src\hello_imgui\internal\hello_imgui_logger.cpp">
      <Filter>Source Files\internal</Filter>
    </ClCompile>
    <ClCompile Include="..\..\contrib\hello_imgui\src\hello_imgui\internal\image_from_asset.cpp">
      <Filter>Source Files\internal</Filter>
    </ClCompile>
    <ClCompile Include="..\..\contrib\hello_imgui\src\hello_imgui\internal\imgui_global_context.cpp">
      <Filter>Source Files\internal</Filter>
    </ClCompile>
    <ClCompile Include="..\..\contrib\hello_imgui\src\hello_imgui\internal\imguial_term.cpp">
      <Filter>Source Files\internal</Filter>
    </ClCompile>
    <ClCompile Include="..\..\contrib\hello_imgui\src\hello_imgui\internal\main_screen_resolution.cpp">
      <Filter>Source Files\internal</Filter>
    </ClCompile>
    <ClCompile Include="..\..\contrib\hello_imgui\src\hello_imgui\internal\menu_statusbar.cpp">
      <Filter>Source Files\internal</Filter>
    </ClCompile>
    <ClCompile Include="..\..\contrib\hello_imgui\src\hello_imgui\internal\whereami\whereami.c">
      <Filter>Source Files\internal\whereami</Filter>
    </ClCompile>
    <ClCompile Include="..\..\contrib\hello_imgui\src\hello_imgui\internal\whereami\whereami_cpp.cpp">
      <Filter>Source Files\internal\whereami</Filter>
    </ClCompile>
    <ClCompile Include="..\..\contrib\hello_imgui\src\hello_imgui\internal\backend_impls\abstract_runner.cpp">
      <Filter>Source Files\internal\backend_impls</Filter>
    </ClCompile>
    <ClCompile Include="..\..\contrib\hello_imgui\src\hello_imgui\internal\backend_impls\runner_factory.cpp">
      <Filter>Source Files\internal\backend_impls</Filter>
    </ClCompile>
    <ClCompile Include="..\..\contrib\hello_imgui\src\hello_imgui\internal\backend_impls\backend_window_helper\backend_window_helper.cpp">
      <Filter>Source Files\internal\backend_impls\backend_window_helper</Filter>
    </ClCompile>
    <ClCompile Include="..\..\contrib\hello_imgui\src\hello_imgui\internal\backend_impls\backend_window_helper\glfw_window_helper.cpp">
      <Filter>Source Files\internal\backend_impls\backend_window_helper</Filter>
    </ClCompile>
    <ClCompile Include="..\..\contrib\hello_imgui\src\hello_imgui\internal\backend_impls\backend_window_helper\win32_dpi_awareness.cpp">
      <Filter>Source Files\internal\backend_impls\backend_window_helper</Filter>
    </ClCompile>
    <ClCompile Include="..\..\contrib\hello_imgui\src\hello_imgui\internal\backend_impls\backend_window_helper\window_geometry_helper.cpp">
      <Filter>Source Files\internal\backend_impls\backend_window_helper</Filter>
    </ClCompile>
    <ClCompile Include="backends\imgui_impl_opengl3.cpp">
      <Filter>Source Files\backends</Filter>
    </ClCompile>
    <ClCompile Include="..\..\contrib\hello_imgui\src\hello_imgui\internal\backend_impls\opengl_setup_helper\opengl_screenshot.cpp">
      <Filter>Source Files\internal\backend_impls\opengl_setup_helper</Filter>
    </ClCompile>
    <ClCompile Include="..\..\contrib\hello_imgui\src\hello_imgui\internal\backend_impls\opengl_setup_helper\opengl_setup_api.cpp">
      <Filter>Source Files\internal\backend_impls\opengl_setup_helper</Filter>
    </ClCompile>
    <ClCompile Include="..\..\contrib\hello_imgui\src\hello_imgui\internal\backend_impls\opengl_setup_helper\opengl_setup_glfw.cpp">
      <Filter>Source Files\internal\backend_impls\opengl_setup_helper</Filter>
    </ClCompile>
    <ClCompile Include="backends\imgui_impl_glfw.cpp">
      <Filter>Source Files\backends</Filter>
    </ClCompile>
    <ClCompile Include="..\..\contrib\hello_imgui\src\hello_imgui\hello_imgui_widgets.cpp">
      <Filter>Source Files</Filter>
    </ClCompile>
    <ClCompile Include="..\..\contrib\hello_imgui\src\hello_imgui\hello_imgui_font.cpp">
      <Filter>Source Files</Filter>
    </ClCompile>
    <ClCompile Include="..\..\contrib\hello_imgui\src\hello_imgui\internal\image_abstract.cpp">
      <Filter>Source Files\internal</Filter>
    </ClCompile>
    <ClCompile Include="..\..\contrib\hello_imgui\src\hello_imgui\internal\image_dx11.cpp">
      <Filter>Source Files\internal</Filter>
    </ClCompile>
    <ClCompile Include="..\..\contrib\hello_imgui\src\hello_imgui\internal\image_opengl.cpp">
      <Filter>Source Files\internal</Filter>
    </ClCompile>
    <ClCompile Include="..\..\contrib\hello_imgui\src\hello_imgui\internal\image_vulkan.cpp">
      <Filter>Source Files\internal</Filter>
    </ClCompile>
    <ClCompile Include="..\..\contrib\hello_imgui\src\hello_imgui\internal\borderless_movable.cpp">
      <Filter>Source Files\internal</Filter>
    </ClCompile>
    <ClCompile Include="..\..\contrib\hello_imgui\src\hello_imgui\internal\backend_impls\rendering_callbacks.cpp">
      <Filter>Source Files\internal\backend_impls</Filter>
    </ClCompile>
    <ClCompile Include="..\..\contrib\hello_imgui\src\hello_imgui\internal\backend_impls\rendering_dx11.cpp">
      <Filter>Source Files\internal\backend_impls</Filter>
    </ClCompile>
    <ClCompile Include="..\..\contrib\hello_imgui\src\hello_imgui\internal\backend_impls\rendering_dx11_glfw.cpp">
      <Filter>Source Files\internal\backend_impls</Filter>
    </ClCompile>
    <ClCompile Include="..\..\contrib\hello_imgui\src\hello_imgui\internal\backend_impls\rendering_dx11_sdl.cpp">
      <Filter>Source Files\internal\backend_impls</Filter>
    </ClCompile>
    <ClCompile Include="..\..\contrib\hello_imgui\src\hello_imgui\internal\backend_impls\rendering_dx12.cpp">
      <Filter>Source Files\internal\backend_impls</Filter>
    </ClCompile>
    <ClCompile Include="..\..\contrib\hello_imgui\src\hello_imgui\internal\backend_impls\rendering_dx12_sdl.cpp">
      <Filter>Source Files\internal\backend_impls</Filter>
    </ClCompile>
    <ClCompile Include="..\..\contrib\hello_imgui\src\hello_imgui\internal\backend_impls\rendering_opengl3.cpp">
      <Filter>Source Files\internal\backend_impls</Filter>
    </ClCompile>
    <ClCompile Include="..\..\contrib\hello_imgui\src\hello_imgui\internal\backend_impls\rendering_vulkan.cpp">
      <Filter>Source Files\internal\backend_impls</Filter>
    </ClCompile>
    <ClCompile Include="..\..\contrib\hello_imgui\src\hello_imgui\internal\backend_impls\rendering_vulkan_glfw.cpp">
      <Filter>Source Files\internal\backend_impls</Filter>
    </ClCompile>
    <ClCompile Include="..\..\contrib\hello_imgui\src\hello_imgui\internal\backend_impls\rendering_vulkan_sdl.cpp">
      <Filter>Source Files\internal\backend_impls</Filter>
    </ClCompile>
    <ClCompile Include="..\..\contrib\hello_imgui\src\hello_imgui\internal\backend_impls\rendering_vulkan_setup.cpp">
      <Filter>Source Files\internal\backend_impls</Filter>
    </ClCompile>
    <ClCompile Include="..\..\contrib\hello_imgui\src\hello_imgui\internal\backend_impls\runner_emscripten.cpp">
      <Filter>Source Files\internal\backend_impls</Filter>
    </ClCompile>
    <ClCompile Include="..\..\contrib\hello_imgui\src\hello_imgui\internal\backend_impls\runner_glfw3.cpp">
      <Filter>Source Files\internal\backend_impls</Filter>
    </ClCompile>
    <ClCompile Include="..\..\contrib\hello_imgui\src\hello_imgui\internal\backend_impls\runner_sdl2.cpp">
      <Filter>Source Files\internal\backend_impls</Filter>
    </ClCompile>
    <ClCompile Include="..\..\contrib\hello_imgui\src\hello_imgui\internal\backend_impls\backend_window_helper\sdl_window_helper.cpp">
      <Filter>Source Files\internal\backend_impls\backend_window_helper</Filter>
    </ClCompile>
    <ClCompile Include="..\..\contrib\hello_imgui\src\hello_imgui\internal\backend_impls\opengl_setup_helper\opengl_setup_sdl.cpp">
      <Filter>Source Files\internal\backend_impls\opengl_setup_helper</Filter>
    </ClCompile>
    <ClCompile Include="..\..\contrib\hello_imgui\src\hello_imgui\internal\platform\ini_folder_locations.cpp">
      <Filter>Source Files\internal\platform</Filter>
    </ClCompile>
    <ClCompile Include="..\..\contrib\hello_imgui\external\stb_hello_imgui\stb_impl_hello_imgui.cpp">
      <Filter>Source Files\external</Filter>
    </ClCompile>
    <ClCompile Include="..\..\contrib\hello_imgui\external\stb_hello_imgui\stb_image.cpp">
      <Filter>Source Files\external</Filter>
    </ClCompile>
    <ClCompile Include="..\..\contrib\hello_imgui\external\stb_hello_imgui\stb_image_write.cpp">
      <Filter>Source Files\external</Filter>
    </ClCompile>
  </ItemGroup>
</Project>