<?xml version="1.0" encoding="utf-8"?>
<Project ToolsVersion="4.0" xmlns="http://schemas.microsoft.com/developer/msbuild/2003">
  <ItemGroup>
    <Filter Include="Source Files">
      <UniqueIdentifier>{ef4e534b-c368-4424-b342-7ca1e4e62302}</UniqueIdentifier>
      <Extensions>cpp;c;cxx;def;odl;idl;hpj;bat;asm</Extensions>
    </Filter>
    <Filter Include="Header Files">
      <UniqueIdentifier>{eaecfe3f-5f26-496e-8c93-70481ca8f8cc}</UniqueIdentifier>
      <Extensions>h;hpp;hxx;hm;inl;inc</Extensions>
    </Filter>
  </ItemGroup>
  <ItemGroup>
    <ClCompile Include="EQClasses.cpp">
      <Filter>Source Files</Filter>
    </ClCompile>
    <ClCompile Include="MQ2Auth.cpp">
      <Filter>Source Files</Filter>
    </ClCompile>
    <ClCompile Include="MQ2Benchmarks.cpp">
      <Filter>Source Files</Filter>
    </ClCompile>
    <ClCompile Include="MQ2ChatHook.cpp">
      <Filter>Source Files</Filter>
    </ClCompile>
    <ClCompile Include="MQ2CleanUI.cpp">
      <Filter>Source Files</Filter>
    </ClCompile>
    <ClCompile Include="MQ2CommandAPI.cpp">
      <Filter>Source Files</Filter>
    </ClCompile>
    <ClCompile Include="MQ2Commands.cpp">
      <Filter>Source Files</Filter>
    </ClCompile>
    <ClCompile Include="MQ2DInput.cpp">
      <Filter>Source Files</Filter>
    </ClCompile>
    <ClCompile Include="MQ2Data.cpp">
      <Filter>Source Files</Filter>
    </ClCompile>
    <ClCompile Include="MQ2DataAPI.cpp">
      <Filter>Source Files</Filter>
    </ClCompile>
    <ClCompile Include="MQ2DataTypes.cpp">
      <Filter>Source Files</Filter>
    </ClCompile>
    <ClCompile Include="MQ2DataVars.cpp">
      <Filter>Source Files</Filter>
    </ClCompile>
    <ClCompile Include="MQ2DetourAPI.cpp">
      <Filter>Source Files</Filter>
    </ClCompile>
    <ClCompile Include="MQ2Globals.cpp">
      <Filter>Source Files</Filter>
    </ClCompile>
    <ClCompile Include="MQ2KeyBinds.cpp">
      <Filter>Source Files</Filter>
    </ClCompile>
    <ClCompile Include="MQ2MacroCommands.cpp">
      <Filter>Source Files</Filter>
    </ClCompile>
    <ClCompile Include="MQ2Main.cpp">
      <Filter>Source Files</Filter>
    </ClCompile>
    <ClCompile Include="MQ2Mouse.cpp">
      <Filter>Source Files</Filter>
    </ClCompile>
    <ClCompile Include="MQ2ParseAPI.cpp">
      <Filter>Source Files</Filter>
    </ClCompile>
    <ClCompile Include="MQ2PluginHandler.cpp">
      <Filter>Source Files</Filter>
    </ClCompile>
    <ClCompile Include="MQ2Pulse.cpp">
      <Filter>Source Files</Filter>
    </ClCompile>
    <ClCompile Include="MQ2Spawns.cpp">
      <Filter>Source Files</Filter>
    </ClCompile>
    <ClCompile Include="MQ2Utilities.cpp">
      <Filter>Source Files</Filter>
    </ClCompile>
    <ClCompile Include="MQ2Windows.cpp">
      <Filter>Source Files</Filter>
    </ClCompile>
  </ItemGroup>
  <ItemGroup>
    <ClInclude Include="..\Blech\Blech.h">
      <Filter>Header Files</Filter>
    </ClInclude>
    <ClInclude Include="EQClasses.h">
      <Filter>Header Files</Filter>
    </ClInclude>
    <ClInclude Include="EQData.h">
      <Filter>Header Files</Filter>
    </ClInclude>
    <ClInclude Include="EQUIStructs.h">
      <Filter>Header Files</Filter>
    </ClInclude>
    <ClInclude Include="MQ2Commands.h">
      <Filter>Header Files</Filter>
    </ClInclude>
    <ClInclude Include="MQ2DataTypes.h">
      <Filter>Header Files</Filter>
    </ClInclude>
    <ClInclude Include="MQ2Globals.h">
      <Filter>Header Files</Filter>
    </ClInclude>
    <ClInclude Include="MQ2Inlines.h">
      <Filter>Header Files</Filter>
    </ClInclude>
    <ClInclude Include="MQ2Internal.h">
      <Filter>Header Files</Filter>
    </ClInclude>
    <ClInclude Include="MQ2Main.h">
      <Filter>Header Files</Filter>
    </ClInclude>
    <ClInclude Include="MQ2Prototypes.h">
      <Filter>Header Files</Filter>
    </ClInclude>
    <ClInclude Include="MQ2TopLevelObjects.h">
      <Filter>Header Files</Filter>
    </ClInclude>
    <ClInclude Include="dikeys.h">
      <Filter>Header Files</Filter>
    </ClInclude>
    <ClInclude Include="eqgame.h">
      <Filter>Header Files</Filter>
    </ClInclude>
    <ClInclude Include="itemtypes.h">
      <Filter>Header Files</Filter>
    </ClInclude>
    <ClInclude Include="skills.h">
      <Filter>Header Files</Filter>
    </ClInclude>
    <ClInclude Include="actordef.h">
      <Filter>Header Files</Filter>
    </ClInclude>
    <ClInclude Include="SpellEffects.h">
      <Filter>Header Files</Filter>
    </ClInclude>
    <ClInclude Include="DataTypeList.h">
      <Filter>Header Files</Filter>
    </ClInclude>
  </ItemGroup>
</Project>