<?xml version="1.0" encoding="utf-8"?>
<Project ToolsVersion="4.0" xmlns="http://schemas.microsoft.com/developer/msbuild/2003">
  <ItemGroup>
    <Filter Include="Source Files">
      <UniqueIdentifier>{ef4e534b-c368-4424-b342-7ca1e4e62302}</UniqueIdentifier>
      <Extensions>cpp;c;cxx;def;odl;idl;hpj;bat;asm</Extensions>
    </Filter>
    <Filter Include="Header Files">
      <UniqueIdentifier>{eaecfe3f-5f26-496e-8c93-70481ca8f8cc}</UniqueIdentifier>
      <Extensions>h;hpp;hxx;hm;inl;inc</Extensions>
    </Filter>
    <Filter Include="Resource Files">
      <UniqueIdentifier>{f444558d-0978-4637-9574-41e30a49f137}</UniqueIdentifier>
    </Filter>
    <Filter Include="Header Files\EQLib">
      <UniqueIdentifier>{17e7d0ab-83f1-410b-82da-0190a178bbf4}</UniqueIdentifier>
    </Filter>
    <Filter Include="Source Files\EQLib">
      <UniqueIdentifier>{e26f03ab-c185-4d6b-826d-5a02608b633d}</UniqueIdentifier>
    </Filter>
    <Filter Include="Header Files\EQLib\data">
      <UniqueIdentifier>{12fa5824-0a52-4473-af7c-c8eec374d0f2}</UniqueIdentifier>
    </Filter>
  </ItemGroup>
  <ItemGroup>
    <ClCompile Include="MQ2Auth.cpp">
      <Filter>Source Files</Filter>
    </ClCompile>
    <ClCompile Include="MQ2Benchmarks.cpp">
      <Filter>Source Files</Filter>
    </ClCompile>
    <ClCompile Include="MQ2ChatHook.cpp">
      <Filter>Source Files</Filter>
    </ClCompile>
    <ClCompile Include="MQ2CleanUI.cpp">
      <Filter>Source Files</Filter>
    </ClCompile>
    <ClCompile Include="MQ2CommandAPI.cpp">
      <Filter>Source Files</Filter>
    </ClCompile>
    <ClCompile Include="MQ2Commands.cpp">
      <Filter>Source Files</Filter>
    </ClCompile>
    <ClCompile Include="MQ2DInput.cpp">
      <Filter>Source Files</Filter>
    </ClCompile>
    <ClCompile Include="MQ2Data.cpp">
      <Filter>Source Files</Filter>
    </ClCompile>
    <ClCompile Include="MQ2DataAPI.cpp">
      <Filter>Source Files</Filter>
    </ClCompile>
    <ClCompile Include="MQ2DataTypes.cpp">
      <Filter>Source Files</Filter>
    </ClCompile>
    <ClCompile Include="MQ2DataVars.cpp">
      <Filter>Source Files</Filter>
    </ClCompile>
    <ClCompile Include="MQ2DetourAPI.cpp">
      <Filter>Source Files</Filter>
    </ClCompile>
    <ClCompile Include="MQ2Globals.cpp">
      <Filter>Source Files</Filter>
    </ClCompile>
    <ClCompile Include="MQ2KeyBinds.cpp">
      <Filter>Source Files</Filter>
    </ClCompile>
    <ClCompile Include="MQ2MacroCommands.cpp">
      <Filter>Source Files</Filter>
    </ClCompile>
    <ClCompile Include="MQ2Main.cpp">
      <Filter>Source Files</Filter>
    </ClCompile>
    <ClCompile Include="MQ2Mouse.cpp">
      <Filter>Source Files</Filter>
    </ClCompile>
    <ClCompile Include="MQ2ParseAPI.cpp">
      <Filter>Source Files</Filter>
    </ClCompile>
    <ClCompile Include="MQ2PluginHandler.cpp">
      <Filter>Source Files</Filter>
    </ClCompile>
    <ClCompile Include="MQ2Pulse.cpp">
      <Filter>Source Files</Filter>
    </ClCompile>
    <ClCompile Include="MQ2Spawns.cpp">
      <Filter>Source Files</Filter>
    </ClCompile>
    <ClCompile Include="MQ2Utilities.cpp">
      <Filter>Source Files</Filter>
    </ClCompile>
    <ClCompile Include="MQ2Windows.cpp">
      <Filter>Source Files</Filter>
    </ClCompile>
    <ClCompile Include="EQLib\ExceptionsDisabled.cpp">
      <Filter>Source Files\EQLib</Filter>
    </ClCompile>
    <ClCompile Include="EQLib\Globals.cpp">
      <Filter>Source Files\EQLib</Filter>
    </ClCompile>
    <ClCompile Include="EQLib\Items.cpp">
      <Filter>Source Files\EQLib</Filter>
    </ClCompile>
    <ClCompile Include="EQLib\PcClient.cpp">
      <Filter>Source Files\EQLib</Filter>
    </ClCompile>
    <ClCompile Include="EQLib\PlayerClient.cpp">
      <Filter>Source Files\EQLib</Filter>
    </ClCompile>
    <ClCompile Include="EQLib\SidlTemplates.cpp">
      <Filter>Source Files\EQLib</Filter>
    </ClCompile>
    <ClCompile Include="EQLib\UI.cpp">
      <Filter>Source Files\EQLib</Filter>
    </ClCompile>
    <ClCompile Include="EQLib\CXStr.cpp">
      <Filter>Source Files\EQLib</Filter>
    </ClCompile>
    <ClCompile Include="EQLib\CXWnd.cpp">
      <Filter>Source Files\EQLib</Filter>
    </ClCompile>
    <ClCompile Include="EQLib\EQClasses.cpp">
      <Filter>Source Files\EQLib</Filter>
    </ClCompile>
    <ClCompile Include="EQLib\EQLib.cpp">
      <Filter>Source Files\EQLib</Filter>
    </ClCompile>
  </ItemGroup>
  <ItemGroup>
    <ClInclude Include="..\Blech\Blech.h">
      <Filter>Header Files</Filter>
    </ClInclude>
    <ClInclude Include="MQ2Commands.h">
      <Filter>Header Files</Filter>
    </ClInclude>
    <ClInclude Include="MQ2DataTypes.h">
      <Filter>Header Files</Filter>
    </ClInclude>
    <ClInclude Include="MQ2Globals.h">
      <Filter>Header Files</Filter>
    </ClInclude>
    <ClInclude Include="MQ2Inlines.h">
      <Filter>Header Files</Filter>
    </ClInclude>
    <ClInclude Include="MQ2Internal.h">
      <Filter>Header Files</Filter>
    </ClInclude>
    <ClInclude Include="MQ2Main.h">
      <Filter>Header Files</Filter>
    </ClInclude>
    <ClInclude Include="MQ2Prototypes.h">
      <Filter>Header Files</Filter>
    </ClInclude>
    <ClInclude Include="MQ2TopLevelObjects.h">
      <Filter>Header Files</Filter>
    </ClInclude>
    <ClInclude Include="DataTypeList.h">
      <Filter>Header Files</Filter>
    </ClInclude>
    <ClInclude Include="MQ2Globals-private_default.h">
      <Filter>Header Files</Filter>
    </ClInclude>
    <ClInclude Include="resource.h">
      <Filter>Header Files</Filter>
    </ClInclude>
    <ClInclude Include="EQLib\EQUIStructs.h">
      <Filter>Header Files\EQLib</Filter>
    </ClInclude>
    <ClInclude Include="EQLib\Globals.h">
      <Filter>Header Files\EQLib</Filter>
    </ClInclude>
    <ClInclude Include="EQLib\ItemBase-Members.h">
      <Filter>Header Files\EQLib</Filter>
    </ClInclude>
    <ClInclude Include="EQLib\Items.h">
      <Filter>Header Files\EQLib</Filter>
    </ClInclude>
    <ClInclude Include="EQLib\Mutex.h">
      <Filter>Header Files\EQLib</Filter>
    </ClInclude>
    <ClInclude Include="EQLib\PcClient.h">
      <Filter>Header Files\EQLib</Filter>
    </ClInclude>
    <ClInclude Include="EQLib\PlayerClient.h">
      <Filter>Header Files\EQLib</Filter>
    </ClInclude>
    <ClInclude Include="EQLib\SidlParams.h">
      <Filter>Header Files\EQLib</Filter>
    </ClInclude>
    <ClInclude Include="EQLib\SidlTemplates.h">
      <Filter>Header Files\EQLib</Filter>
    </ClInclude>
    <ClInclude Include="EQLib\Spells.h">
      <Filter>Header Files\EQLib</Filter>
    </ClInclude>
    <ClInclude Include="EQLib\UI.h">
      <Filter>Header Files\EQLib</Filter>
    </ClInclude>
    <ClInclude Include="EQLib\Allocator.h">
      <Filter>Header Files\EQLib</Filter>
    </ClInclude>
    <ClInclude Include="EQLib\Common.h">
      <Filter>Header Files\EQLib</Filter>
    </ClInclude>
    <ClInclude Include="EQLib\Containers.h">
      <Filter>Header Files\EQLib</Filter>
    </ClInclude>
    <ClInclude Include="EQLib\CXStr.h">
      <Filter>Header Files\EQLib</Filter>
    </ClInclude>
    <ClInclude Include="EQLib\CXWnd.h">
      <Filter>Header Files\EQLib</Filter>
    </ClInclude>
    <ClInclude Include="EQLib\CXWnd-Members.h">
      <Filter>Header Files\EQLib</Filter>
    </ClInclude>
    <ClInclude Include="EQLib\DynamicArray.h">
      <Filter>Header Files\EQLib</Filter>
    </ClInclude>
    <ClInclude Include="EQLib\EQClasses.h">
      <Filter>Header Files\EQLib</Filter>
    </ClInclude>
    <ClInclude Include="EQLib\EQData.h">
      <Filter>Header Files\EQLib</Filter>
    </ClInclude>
    <ClInclude Include="EQLib\EQLib.h">
      <Filter>Header Files\EQLib</Filter>
    </ClInclude>
    <ClInclude Include="EQLib\data\combines.h">
      <Filter>Header Files\EQLib\data</Filter>
    </ClInclude>
    <ClInclude Include="EQLib\data\dikeys.h">
      <Filter>Header Files\EQLib\data</Filter>
    </ClInclude>
    <ClInclude Include="EQLib\data\factionnames.h">
      <Filter>Header Files\EQLib\data</Filter>
    </ClInclude>
    <ClInclude Include="EQLib\data\itemtypes.h">
      <Filter>Header Files\EQLib\data</Filter>
    </ClInclude>
    <ClInclude Include="EQLib\data\skills.h">
      <Filter>Header Files\EQLib\data</Filter>
    </ClInclude>
    <ClInclude Include="EQLib\data\spelleffects.h">
      <Filter>Header Files\EQLib\data</Filter>
    </ClInclude>
    <ClInclude Include="EQLib\data\actordef.h">
      <Filter>Header Files\EQLib\data</Filter>
    </ClInclude>
    <ClInclude Include="EQLib\eqgame.h">
      <Filter>Header Files\EQLib</Filter>
    </ClInclude>
  </ItemGroup>
  <ItemGroup>
    <ResourceCompile Include="MQ2Main.rc">
      <Filter>Resource Files</Filter>
    </ResourceCompile>
  </ItemGroup>
  <ItemGroup>
    <CustomBuild Include="EQLib\AssemblyFunctions.asm">
      <Filter>Source Files</Filter>
    </CustomBuild>
  </ItemGroup>
</Project>