Microsoft Visual Studio Solution File, Format Version 12.00
# Visual Studio 2013
VisualStudioVersion = 12.0.30110.0
MinimumVisualStudioVersion = 10.0.40219.1
Project("{8BC9CEB8-8B4A-11D0-8D11-00A0C91BC942}") = "ISXEQ", "MQ2Main\ISXEQ.vcxproj", "{4EDFEF3C-E331-44E6-BC7A-CF25BFA2BFEA}"
EndProject
Project("{8BC9CEB8-8B4A-11D0-8D11-00A0C91BC942}") = "ISXEQMap", "MQ2Map\ISXEQMap.vcxproj", "{08602A89-FF6E-49D7-B60C-17125D28C8CF}"
EndProject
Project("{8BC9CEB8-8B4A-11D0-8D11-00A0C91BC942}") = "ISXEQChat", "MQ2Chat\ISXEQChat.vcxproj", "{9B10DC62-476E-4512-938E-9E2162040095}"
EndProject
Project("{8BC9CEB8-8B4A-11D0-8D11-00A0C91BC942}") = "ISXEQChatWnd", "MQ2ChatWnd\ISXEQChatWnd.vcxproj", "{132CBDFD-32BD-4CA8-BEC0-D6C652992A13}"
EndProject
Project("{8BC9CEB8-8B4A-11D0-8D11-00A0C91BC942}") = "ISXEQCustomBinds", "MQ2CustomBinds\ISXEQCustomBinds.vcxproj", "{870583D1-DF4B-4C8B-B2CA-EB4146E50C03}"
EndProject
Project("{8BC9CEB8-8B4A-11D0-8D11-00A0C91BC942}") = "ISXEQEQIM", "MQ2EQIM\ISXEQEQIM.vcxproj", "{D21961C6-06AB-46C8-BE40-7DC8918CCD9B}"
EndProject
Project("{8BC9CEB8-8B4A-11D0-8D11-00A0C91BC942}") = "ISXEQItemDisplay", "MQ2ItemDisplay\ISXEQItemDisplay.vcxproj", "{167EBC57-D10B-49B2-A794-A30AB2C20462}"
EndProject
Project("{8BC9CEB8-8B4A-11D0-8D11-00A0C91BC942}") = "ISXEQLabels", "MQ2Labels\ISXEQLabels.vcxproj", "{905FDAE2-DBD9-48CA-AED7-13E083459181}"
EndProject
Project("{8BC9CEB8-8B4A-11D0-8D11-00A0C91BC942}") = "ISXEQTelnet", "mq2telnet\ISXEQTelnet.vcxproj", "{180F862B-CCC9-43CD-823D-4AA8E0F9D820}"
EndProject
Project("{8BC9CEB8-8B4A-11D0-8D11-00A0C91BC942}") = "ISXEQTemplate", "MQ2Template\ISXEQTemplate.vcxproj", "{A8B40FA9-7854-44E8-8440-46F3952DD86A}"
EndProject
Project("{2150E333-8FDC-42A3-9474-1A3956D46DE8}") = "Solution Items", "Solution Items", "{16CB5D39-242F-4C6A-9C84-5B55B099B9B2}"
	ProjectSection(SolutionItems) = preProject
		Release\Changes.txt = Release\Changes.txt
		Release\GPL.txt = Release\GPL.txt
		Release\ItemDB.txt = Release\ItemDB.txt
		Release\locations.txt = Release\locations.txt
		Release\MacroQuest.ini = Release\MacroQuest.ini
	EndProjectSection
EndProject
Global
	GlobalSection(SolutionConfigurationPlatforms) = preSolution
		Debug|Win32 = Debug|Win32
		Release|Win32 = Release|Win32
	EndGlobalSection
	GlobalSection(ProjectConfigurationPlatforms) = postSolution
		{4EDFEF3C-E331-44E6-BC7A-CF25BFA2BFEA}.Debug|Win32.ActiveCfg = Release|Win32
		{4EDFEF3C-E331-44E6-BC7A-CF25BFA2BFEA}.Debug|Win32.Build.0 = Release|Win32
		{4EDFEF3C-E331-44E6-BC7A-CF25BFA2BFEA}.Release|Win32.ActiveCfg = Release|Win32
		{4EDFEF3C-E331-44E6-BC7A-CF25BFA2BFEA}.Release|Win32.Build.0 = Release|Win32
		{08602A89-FF6E-49D7-B60C-17125D28C8CF}.Debug|Win32.ActiveCfg = Release|Win32
		{08602A89-FF6E-49D7-B60C-17125D28C8CF}.Debug|Win32.Build.0 = Release|Win32
		{08602A89-FF6E-49D7-B60C-17125D28C8CF}.Release|Win32.ActiveCfg = Release|Win32
		{08602A89-FF6E-49D7-B60C-17125D28C8CF}.Release|Win32.Build.0 = Release|Win32
		{9B10DC62-476E-4512-938E-9E2162040095}.Debug|Win32.ActiveCfg = Release|Win32
		{9B10DC62-476E-4512-938E-9E2162040095}.Debug|Win32.Build.0 = Release|Win32
		{9B10DC62-476E-4512-938E-9E2162040095}.Release|Win32.ActiveCfg = Release|Win32
		{9B10DC62-476E-4512-938E-9E2162040095}.Release|Win32.Build.0 = Release|Win32
		{132CBDFD-32BD-4CA8-BEC0-D6C652992A13}.Debug|Win32.ActiveCfg = Release|Win32
		{132CBDFD-32BD-4CA8-BEC0-D6C652992A13}.Debug|Win32.Build.0 = Release|Win32
		{132CBDFD-32BD-4CA8-BEC0-D6C652992A13}.Release|Win32.ActiveCfg = Release|Win32
		{132CBDFD-32BD-4CA8-BEC0-D6C652992A13}.Release|Win32.Build.0 = Release|Win32
		{870583D1-DF4B-4C8B-B2CA-EB4146E50C03}.Debug|Win32.ActiveCfg = Release|Win32
		{870583D1-DF4B-4C8B-B2CA-EB4146E50C03}.Debug|Win32.Build.0 = Release|Win32
		{870583D1-DF4B-4C8B-B2CA-EB4146E50C03}.Release|Win32.ActiveCfg = Release|Win32
		{870583D1-DF4B-4C8B-B2CA-EB4146E50C03}.Release|Win32.Build.0 = Release|Win32
		{D21961C6-06AB-46C8-BE40-7DC8918CCD9B}.Debug|Win32.ActiveCfg = Release|Win32
		{D21961C6-06AB-46C8-BE40-7DC8918CCD9B}.Debug|Win32.Build.0 = Release|Win32
		{D21961C6-06AB-46C8-BE40-7DC8918CCD9B}.Release|Win32.ActiveCfg = Release|Win32
		{D21961C6-06AB-46C8-BE40-7DC8918CCD9B}.Release|Win32.Build.0 = Release|Win32
		{167EBC57-D10B-49B2-A794-A30AB2C20462}.Debug|Win32.ActiveCfg = Release|Win32
		{167EBC57-D10B-49B2-A794-A30AB2C20462}.Debug|Win32.Build.0 = Release|Win32
		{167EBC57-D10B-49B2-A794-A30AB2C20462}.Release|Win32.ActiveCfg = Release|Win32
		{167EBC57-D10B-49B2-A794-A30AB2C20462}.Release|Win32.Build.0 = Release|Win32
		{905FDAE2-DBD9-48CA-AED7-13E083459181}.Debug|Win32.ActiveCfg = Release|Win32
		{905FDAE2-DBD9-48CA-AED7-13E083459181}.Debug|Win32.Build.0 = Release|Win32
		{905FDAE2-DBD9-48CA-AED7-13E083459181}.Release|Win32.ActiveCfg = Release|Win32
		{905FDAE2-DBD9-48CA-AED7-13E083459181}.Release|Win32.Build.0 = Release|Win32
		{180F862B-CCC9-43CD-823D-4AA8E0F9D820}.Debug|Win32.ActiveCfg = Release|Win32
		{180F862B-CCC9-43CD-823D-4AA8E0F9D820}.Debug|Win32.Build.0 = Release|Win32
		{180F862B-CCC9-43CD-823D-4AA8E0F9D820}.Release|Win32.ActiveCfg = Release|Win32
		{180F862B-CCC9-43CD-823D-4AA8E0F9D820}.Release|Win32.Build.0 = Release|Win32
		{A8B40FA9-7854-44E8-8440-46F3952DD86A}.Debug|Win32.ActiveCfg = Release|Win32
		{A8B40FA9-7854-44E8-8440-46F3952DD86A}.Debug|Win32.Build.0 = Release|Win32
		{A8B40FA9-7854-44E8-8440-46F3952DD86A}.Release|Win32.ActiveCfg = Release|Win32
		{A8B40FA9-7854-44E8-8440-46F3952DD86A}.Release|Win32.Build.0 = Release|Win32
	EndGlobalSection
	GlobalSection(SolutionProperties) = preSolution
		HideSolutionNode = FALSE
	EndGlobalSection
EndGlobal
