Microsoft Visual Studio Solution File, Format Version 7.00
Project("{8BC9CEB8-8B4A-11D0-8D11-00A0C91BC942}") = "MQ2Chat", "MQ2Chat\MQ2Chat.vcproj", "{D43171FB-8208-4E52-860A-6BAE2A2FA573}"
EndProject
Project("{8BC9CEB8-8B4A-11D0-8D11-00A0C91BC942}") = "MQ2Labels", "MQ2Labels\MQ2Labels.vcproj", "{D43171FB-8208-4E52-860A-6BAE2A2FA573}"
EndProject
Project("{8BC9CEB8-8B4A-11D0-8D11-00A0C91BC942}") = "MQ2Map", "MQ2Map\MQ2Map.vcproj", "{D43171FB-8208-4E52-860A-6BAE2A2FA573}"
EndProject
Project("{8BC9CEB8-8B4A-11D0-8D11-00A0C91BC942}") = "MQ2FPS", "MQ2FPS\MQ2FPS.vcproj", "{D43171FB-8208-4E52-860A-6BAE2A2FA573}"
EndProject
Project("{8BC9CEB8-8B4A-11D0-8D11-00A0C91BC942}") = "MQ2ItemDisplay", "MQ2ItemDisplay\MQ2ItemDisplay.vcproj", "{D43171FB-8208-4E52-860A-6BAE2A2FA573}"
EndProject
Project("{8BC9CEB8-8B4A-11D0-8D11-00A0C91BC942}") = "MQ2ChatWnd", "MQ2ChatWnd\MQ2ChatWnd.vcproj", "{D43171FB-8208-4E52-860A-6BAE2A2FA573}"
EndProject
Project("{8BC9CEB8-8B4A-11D0-8D11-00A0C91BC942}") = "MQ2Telnet", "mq2telnet\mq2telnet.vcproj", "{1DA0A350-C188-4810-B903-3B603CA2E7D7}"
EndProject
Project("{8BC9CEB8-8B4A-11D0-8D11-00A0C91BC942}") = "MQ2EQBugFix", "MQ2EQBugFix\MQ2EQBugFix.vcproj", "{D43171FB-8208-4E52-860A-6BAE2A2FA573}"
EndProject
Project("{8BC9CEB8-8B4A-11D0-8D11-00A0C91BC942}") = "MQ2Main", "MQ2Main\MQ2Main.vcproj", "{2A0A06A4-E9C6-4229-82EE-BD2D4E0A7221}"
EndProject
Project("{8BC9CEB8-8B4A-11D0-8D11-00A0C91BC942}") = "MQ2Irc", "MQ2Irc\MQ2Irc.vcproj", "{D43171FB-8208-4E52-860A-6BAE2A2FA573}"
EndProject
Project("{8BC9CEB8-8B4A-11D0-8D11-00A0C91BC942}") = "MQ2EQIM", "MQ2EQIM\MQ2EQIM.vcproj", "{D43171FB-8208-4E52-860A-6BAE2A2FA573}"
EndProject
Project("{8BC9CEB8-8B4A-11D0-8D11-00A0C91BC942}") = "MQ2Bzsrch", "MQ2Bzsrch\MQ2Bzsrch.vcproj", "{D43171FB-8208-4E52-860A-6BAE2A2FA573}"
EndProject
Project("{8BC9CEB8-8B4A-11D0-8D11-00A0C91BC942}") = "ASM Mapper", "..\..\NewProjects\ASM Mapper\ASM Mapper.vcproj", "{25C740BC-F961-484E-804B-8C8D6244573F}"
EndProject
Project("{8BC9CEB8-8B4A-11D0-8D11-00A0C91BC942}") = "MQ2UDP", "MQ2UDP\MQ2UDP.vcproj", "{D43171FB-8208-4E52-860A-6BAE2A2FA573}"
EndProject
Project("{8BC9CEB8-8B4A-11D0-8D11-00A0C91BC942}") = "MQ2Warp", "MQ2Warp\MQ2Warp.vcproj", "{D43171FB-8208-4E52-860A-6BAE2A2FA573}"
EndProject
Project("{8BC9CEB8-8B4A-11D0-8D11-00A0C91BC942}") = "MQ2Trade", "MQ2Trade\MQ2Trade.vcproj", "{D43171FB-8208-4E52-860A-6BAE2A2FA573}"
EndProject
Project("{8BC9CEB8-8B4A-11D0-8D11-00A0C91BC942}") = "MQ2Lax", "MQ2Lax\MQ2Lax.vcproj", "{D43171FB-8208-4E52-860A-6BAE2A2FA573}"
EndProject
Project("{8BC9CEB8-8B4A-11D0-8D11-00A0C91BC942}") = "EQCPU", "..\..\NewProjects\MacroQuest\tozip\EQPlayNice\EQCPU.vcproj", "{EF85A5D2-073C-4089-90FB-752BFD3DFFFF}"
EndProject
Project("{8BC9CEB8-8B4A-11D0-8D11-00A0C91BC942}") = "EQPlayNice Injector", "..\..\NewProjects\MacroQuest\tozip\EQPlayNice Injector\eqcpuinj.vcproj", "{8C35D03D-8A66-4FBF-8972-8F5B835DF132}"
EndProject
Project("{8BC9CEB8-8B4A-11D0-8D11-00A0C91BC942}") = "GrabFunctionOffsets", "..\..\NewProjects\MQ2\GrabFunctionOffsets\GrabFunctionOffsets.vcproj", "{15AF3AF9-399E-4CD4-A8EA-C84511CF7DC7}"
EndProject
Project("{8BC9CEB8-8B4A-11D0-8D11-00A0C91BC942}") = "MQ2", "MQ2\MQ2.vcproj", "{8C35D03D-8A66-4FBF-8972-8F5B835DF132}"
EndProject
Project("{8BC9CEB8-8B4A-11D0-8D11-00A0C91BC942}") = "MQ2Spawns", "MQ2Spawns\MQ2Spawns.vcproj", "{D43171FB-8208-4E52-860A-6BAE2A2FA573}"
EndProject
Project("{8BC9CEB8-8B4A-11D0-8D11-00A0C91BC942}") = "MQ2Mouse", "MQ2Mouse\MQ2Mouse.vcproj", "{D43171FB-8208-4E52-860A-6BAE2A2FA573}"
EndProject
Project("{8BC9CEB8-8B4A-11D0-8D11-00A0C91BC942}") = "MQ2Map2", "MQ2Map2\MQ2Map2.vcproj", "{D43171FB-8208-4E52-860A-6BAE2A2FA573}"
EndProject
Global
	GlobalSection(SolutionConfiguration) = preSolution
		ConfigName.0 = Debug
		ConfigName.1 = Release
	EndGlobalSection
	GlobalSection(ProjectDependencies) = postSolution
		{D43171FB-8208-4E52-860A-6BAE2A2FA573}.0 = {2A0A06A4-E9C6-4229-82EE-BD2D4E0A7221}
		{D43171FB-8208-4E52-860A-6BAE2A2FA573}.0 = {2A0A06A4-E9C6-4229-82EE-BD2D4E0A7221}
		{D43171FB-8208-4E52-860A-6BAE2A2FA573}.0 = {2A0A06A4-E9C6-4229-82EE-BD2D4E0A7221}
		{D43171FB-8208-4E52-860A-6BAE2A2FA573}.0 = {2A0A06A4-E9C6-4229-82EE-BD2D4E0A7221}
		{D43171FB-8208-4E52-860A-6BAE2A2FA573}.0 = {2A0A06A4-E9C6-4229-82EE-BD2D4E0A7221}
		{D43171FB-8208-4E52-860A-6BAE2A2FA573}.0 = {2A0A06A4-E9C6-4229-82EE-BD2D4E0A7221}
		{1DA0A350-C188-4810-B903-3B603CA2E7D7}.0 = {2A0A06A4-E9C6-4229-82EE-BD2D4E0A7221}
		{D43171FB-8208-4E52-860A-6BAE2A2FA573}.0 = {2A0A06A4-E9C6-4229-82EE-BD2D4E0A7221}
		{D43171FB-8208-4E52-860A-6BAE2A2FA573}.0 = {2A0A06A4-E9C6-4229-82EE-BD2D4E0A7221}
		{D43171FB-8208-4E52-860A-6BAE2A2FA573}.0 = {2A0A06A4-E9C6-4229-82EE-BD2D4E0A7221}
		{D43171FB-8208-4E52-860A-6BAE2A2FA573}.0 = {2A0A06A4-E9C6-4229-82EE-BD2D4E0A7221}
		{D43171FB-8208-4E52-860A-6BAE2A2FA573}.0 = {2A0A06A4-E9C6-4229-82EE-BD2D4E0A7221}
		{D43171FB-8208-4E52-860A-6BAE2A2FA573}.0 = {2A0A06A4-E9C6-4229-82EE-BD2D4E0A7221}
		{D43171FB-8208-4E52-860A-6BAE2A2FA573}.0 = {2A0A06A4-E9C6-4229-82EE-BD2D4E0A7221}
		{D43171FB-8208-4E52-860A-6BAE2A2FA573}.0 = {2A0A06A4-E9C6-4229-82EE-BD2D4E0A7221}
		{D43171FB-8208-4E52-860A-6BAE2A2FA573}.0 = {2A0A06A4-E9C6-4229-82EE-BD2D4E0A7221}
	EndGlobalSection
	GlobalSection(ProjectConfiguration) = postSolution
		{D43171FB-8208-4E52-860A-6BAE2A2FA573}.Debug.ActiveCfg = Release|Win32
		{D43171FB-8208-4E52-860A-6BAE2A2FA573}.Debug.Build.0 = Release|Win32
		{D43171FB-8208-4E52-860A-6BAE2A2FA573}.Release.ActiveCfg = Release|Win32
		{D43171FB-8208-4E52-860A-6BAE2A2FA573}.Release.Build.0 = Release|Win32
		{D43171FB-8208-4E52-860A-6BAE2A2FA573}.Debug.ActiveCfg = Release|Win32
		{D43171FB-8208-4E52-860A-6BAE2A2FA573}.Debug.Build.0 = Release|Win32
		{D43171FB-8208-4E52-860A-6BAE2A2FA573}.Release.ActiveCfg = Release|Win32
		{D43171FB-8208-4E52-860A-6BAE2A2FA573}.Release.Build.0 = Release|Win32
		{D43171FB-8208-4E52-860A-6BAE2A2FA573}.Debug.ActiveCfg = Release|Win32
		{D43171FB-8208-4E52-860A-6BAE2A2FA573}.Debug.Build.0 = Release|Win32
		{D43171FB-8208-4E52-860A-6BAE2A2FA573}.Release.ActiveCfg = Release|Win32
		{D43171FB-8208-4E52-860A-6BAE2A2FA573}.Release.Build.0 = Release|Win32
		{D43171FB-8208-4E52-860A-6BAE2A2FA573}.Debug.ActiveCfg = Release|Win32
		{D43171FB-8208-4E52-860A-6BAE2A2FA573}.Debug.Build.0 = Release|Win32
		{D43171FB-8208-4E52-860A-6BAE2A2FA573}.Release.ActiveCfg = Release|Win32
		{D43171FB-8208-4E52-860A-6BAE2A2FA573}.Release.Build.0 = Release|Win32
		{D43171FB-8208-4E52-860A-6BAE2A2FA573}.Debug.ActiveCfg = Release|Win32
		{D43171FB-8208-4E52-860A-6BAE2A2FA573}.Debug.Build.0 = Release|Win32
		{D43171FB-8208-4E52-860A-6BAE2A2FA573}.Release.ActiveCfg = Release|Win32
		{D43171FB-8208-4E52-860A-6BAE2A2FA573}.Release.Build.0 = Release|Win32
		{D43171FB-8208-4E52-860A-6BAE2A2FA573}.Debug.ActiveCfg = Release|Win32
		{D43171FB-8208-4E52-860A-6BAE2A2FA573}.Debug.Build.0 = Release|Win32
		{D43171FB-8208-4E52-860A-6BAE2A2FA573}.Release.ActiveCfg = Release|Win32
		{D43171FB-8208-4E52-860A-6BAE2A2FA573}.Release.Build.0 = Release|Win32
		{1DA0A350-C188-4810-B903-3B603CA2E7D7}.Debug.ActiveCfg = Release|Win32
		{1DA0A350-C188-4810-B903-3B603CA2E7D7}.Debug.Build.0 = Release|Win32
		{1DA0A350-C188-4810-B903-3B603CA2E7D7}.Release.ActiveCfg = Release|Win32
		{1DA0A350-C188-4810-B903-3B603CA2E7D7}.Release.Build.0 = Release|Win32
		{D43171FB-8208-4E52-860A-6BAE2A2FA573}.Debug.ActiveCfg = Release|Win32
		{D43171FB-8208-4E52-860A-6BAE2A2FA573}.Debug.Build.0 = Release|Win32
		{D43171FB-8208-4E52-860A-6BAE2A2FA573}.Release.ActiveCfg = Release|Win32
		{D43171FB-8208-4E52-860A-6BAE2A2FA573}.Release.Build.0 = Release|Win32
		{2A0A06A4-E9C6-4229-82EE-BD2D4E0A7221}.Debug.ActiveCfg = Release|Win32
		{2A0A06A4-E9C6-4229-82EE-BD2D4E0A7221}.Debug.Build.0 = Release|Win32
		{2A0A06A4-E9C6-4229-82EE-BD2D4E0A7221}.Release.ActiveCfg = Release|Win32
		{2A0A06A4-E9C6-4229-82EE-BD2D4E0A7221}.Release.Build.0 = Release|Win32
		{D43171FB-8208-4E52-860A-6BAE2A2FA573}.Debug.ActiveCfg = Release|Win32
		{D43171FB-8208-4E52-860A-6BAE2A2FA573}.Debug.Build.0 = Release|Win32
		{D43171FB-8208-4E52-860A-6BAE2A2FA573}.Release.ActiveCfg = Release|Win32
		{D43171FB-8208-4E52-860A-6BAE2A2FA573}.Release.Build.0 = Release|Win32
		{D43171FB-8208-4E52-860A-6BAE2A2FA573}.Debug.ActiveCfg = Release|Win32
		{D43171FB-8208-4E52-860A-6BAE2A2FA573}.Debug.Build.0 = Release|Win32
		{D43171FB-8208-4E52-860A-6BAE2A2FA573}.Release.ActiveCfg = Release|Win32
		{D43171FB-8208-4E52-860A-6BAE2A2FA573}.Release.Build.0 = Release|Win32
		{D43171FB-8208-4E52-860A-6BAE2A2FA573}.Debug.ActiveCfg = Release|Win32
		{D43171FB-8208-4E52-860A-6BAE2A2FA573}.Debug.Build.0 = Release|Win32
		{D43171FB-8208-4E52-860A-6BAE2A2FA573}.Release.ActiveCfg = Release|Win32
		{D43171FB-8208-4E52-860A-6BAE2A2FA573}.Release.Build.0 = Release|Win32
		{25C740BC-F961-484E-804B-8C8D6244573F}.Debug.ActiveCfg = Debug|Win32
		{25C740BC-F961-484E-804B-8C8D6244573F}.Debug.Build.0 = Debug|Win32
		{25C740BC-F961-484E-804B-8C8D6244573F}.Release.ActiveCfg = Release|Win32
		{25C740BC-F961-484E-804B-8C8D6244573F}.Release.Build.0 = Release|Win32
		{D43171FB-8208-4E52-860A-6BAE2A2FA573}.Debug.ActiveCfg = Release|Win32
		{D43171FB-8208-4E52-860A-6BAE2A2FA573}.Debug.Build.0 = Release|Win32
		{D43171FB-8208-4E52-860A-6BAE2A2FA573}.Release.ActiveCfg = Release|Win32
		{D43171FB-8208-4E52-860A-6BAE2A2FA573}.Release.Build.0 = Release|Win32
		{D43171FB-8208-4E52-860A-6BAE2A2FA573}.Debug.ActiveCfg = Release|Win32
		{D43171FB-8208-4E52-860A-6BAE2A2FA573}.Debug.Build.0 = Release|Win32
		{D43171FB-8208-4E52-860A-6BAE2A2FA573}.Release.ActiveCfg = Release|Win32
		{D43171FB-8208-4E52-860A-6BAE2A2FA573}.Release.Build.0 = Release|Win32
		{D43171FB-8208-4E52-860A-6BAE2A2FA573}.Debug.ActiveCfg = Release|Win32
		{D43171FB-8208-4E52-860A-6BAE2A2FA573}.Debug.Build.0 = Release|Win32
		{D43171FB-8208-4E52-860A-6BAE2A2FA573}.Release.ActiveCfg = Release|Win32
		{D43171FB-8208-4E52-860A-6BAE2A2FA573}.Release.Build.0 = Release|Win32
		{D43171FB-8208-4E52-860A-6BAE2A2FA573}.Debug.ActiveCfg = Release|Win32
		{D43171FB-8208-4E52-860A-6BAE2A2FA573}.Debug.Build.0 = Release|Win32
		{D43171FB-8208-4E52-860A-6BAE2A2FA573}.Release.ActiveCfg = Release|Win32
		{D43171FB-8208-4E52-860A-6BAE2A2FA573}.Release.Build.0 = Release|Win32
		{EF85A5D2-073C-4089-90FB-752BFD3DFFFF}.Debug.ActiveCfg = Debug|Win32
		{EF85A5D2-073C-4089-90FB-752BFD3DFFFF}.Debug.Build.0 = Debug|Win32
		{EF85A5D2-073C-4089-90FB-752BFD3DFFFF}.Release.ActiveCfg = Release|Win32
		{EF85A5D2-073C-4089-90FB-752BFD3DFFFF}.Release.Build.0 = Release|Win32
		{8C35D03D-8A66-4FBF-8972-8F5B835DF132}.Debug.ActiveCfg = Debug|Win32
		{8C35D03D-8A66-4FBF-8972-8F5B835DF132}.Debug.Build.0 = Debug|Win32
		{8C35D03D-8A66-4FBF-8972-8F5B835DF132}.Release.ActiveCfg = Release|Win32
		{8C35D03D-8A66-4FBF-8972-8F5B835DF132}.Release.Build.0 = Release|Win32
		{15AF3AF9-399E-4CD4-A8EA-C84511CF7DC7}.Debug.ActiveCfg = Debug|Win32
		{15AF3AF9-399E-4CD4-A8EA-C84511CF7DC7}.Debug.Build.0 = Debug|Win32
		{15AF3AF9-399E-4CD4-A8EA-C84511CF7DC7}.Release.ActiveCfg = Release|Win32
		{15AF3AF9-399E-4CD4-A8EA-C84511CF7DC7}.Release.Build.0 = Release|Win32
		{8C35D03D-8A66-4FBF-8972-8F5B835DF132}.Debug.ActiveCfg = Debug|Win32
		{8C35D03D-8A66-4FBF-8972-8F5B835DF132}.Debug.Build.0 = Debug|Win32
		{8C35D03D-8A66-4FBF-8972-8F5B835DF132}.Release.ActiveCfg = Release|Win32
		{8C35D03D-8A66-4FBF-8972-8F5B835DF132}.Release.Build.0 = Release|Win32
		{D43171FB-8208-4E52-860A-6BAE2A2FA573}.Debug.ActiveCfg = Release|Win32
		{D43171FB-8208-4E52-860A-6BAE2A2FA573}.Debug.Build.0 = Release|Win32
		{D43171FB-8208-4E52-860A-6BAE2A2FA573}.Release.ActiveCfg = Release|Win32
		{D43171FB-8208-4E52-860A-6BAE2A2FA573}.Release.Build.0 = Release|Win32
		{D43171FB-8208-4E52-860A-6BAE2A2FA573}.Debug.ActiveCfg = Release|Win32
		{D43171FB-8208-4E52-860A-6BAE2A2FA573}.Debug.Build.0 = Release|Win32
		{D43171FB-8208-4E52-860A-6BAE2A2FA573}.Release.ActiveCfg = Release|Win32
		{D43171FB-8208-4E52-860A-6BAE2A2FA573}.Release.Build.0 = Release|Win32
		{D43171FB-8208-4E52-860A-6BAE2A2FA573}.Debug.ActiveCfg = Release|Win32
		{D43171FB-8208-4E52-860A-6BAE2A2FA573}.Debug.Build.0 = Release|Win32
		{D43171FB-8208-4E52-860A-6BAE2A2FA573}.Release.ActiveCfg = Release|Win32
		{D43171FB-8208-4E52-860A-6BAE2A2FA573}.Release.Build.0 = Release|Win32
	EndGlobalSection
	GlobalSection(SolutionItems) = postSolution
		Item:1 = Release\Changes.txt
		Item:2 = Release\Custom.ini
		Item:3 = Release\eqgame.ini
		Item:4 = Release\GPL.txt
		Item:5 = Release\ItemDB.txt
		Item:6 = Release\locations.txt
		Item:7 = Release\MacroQuest.ini
	EndGlobalSection
	GlobalSection(ExtensibilityGlobals) = postSolution
	EndGlobalSection
	GlobalSection(ExtensibilityAddIns) = postSolution
	EndGlobalSection
EndGlobal
