Microsoft Visual Studio Solution File, Format Version 7.00
Project("{8BC9CEB8-8B4A-11D0-8D11-00A0C91BC942}") = "MacroQuest", "MacroQuest\MacroQuest.vcproj", "{8C35D03D-8A66-4FBF-8972-8F5B835DF132}"
EndProject
Project("{8BC9CEB8-8B4A-11D0-8D11-00A0C91BC942}") = "MQ2Main", "MQ2Main\MQ2Main.vcproj", "{2A0A06A4-E9C6-4229-82EE-BD2D4E0A7221}"
EndProject
Project("{8BC9CEB8-8B4A-11D0-8D11-00A0C91BC942}") = "MQ2Template", "MQ2Template\MQ2Template.vcproj", "{D43171FB-8208-4E52-860A-6BAE2A2FA573}"
EndProject
Project("{8BC9CEB8-8B4A-11D0-8D11-00A0C91BC942}") = "MQ2Chat", "MQ2Chat\MQ2Chat.vcproj", "{D43171FB-8208-4E52-860A-6BAE2A2FA573}"
EndProject
Project("{8BC9CEB8-8B4A-11D0-8D11-00A0C91BC942}") = "MQ2Labels", "MQ2Labels\MQ2Labels.vcproj", "{D43171FB-8208-4E52-860A-6BAE2A2FA573}"
EndProject
Project("{8BC9CEB8-8B4A-11D0-8D11-00A0C91BC942}") = "MQ2Map", "MQ2Map\MQ2Map.vcproj", "{D43171FB-8208-4E52-860A-6BAE2A2FA573}"
EndProject
Project("{8BC9CEB8-8B4A-11D0-8D11-00A0C91BC942}") = "MQ2FPS", "MQ2FPS\MQ2FPS.vcproj", "{D43171FB-8208-4E52-860A-6BAE2A2FA573}"
EndProject
Project("{8BC9CEB8-8B4A-11D0-8D11-00A0C91BC942}") = "MQ2ItemDisplay", "MQ2ItemDisplay\MQ2ItemDisplay.vcproj", "{D43171FB-8208-4E52-860A-6BAE2A2FA573}"
EndProject
Project("{8BC9CEB8-8B4A-11D0-8D11-00A0C91BC942}") = "MQ2ChatWnd", "MQ2ChatWnd\MQ2ChatWnd.vcproj", "{D43171FB-8208-4E52-860A-6BAE2A2FA573}"
EndProject
Project("{8BC9CEB8-8B4A-11D0-8D11-00A0C91BC942}") = "MQ2Telnet", "mq2telnet\mq2telnet.vcproj", "{1DA0A350-C188-4810-B903-3B603CA2E7D7}"
EndProject
Project("{8BC9CEB8-8B4A-11D0-8D11-00A0C91BC942}") = "MQ2EQBugFix", "MQ2EQBugFix\MQ2EQBugFix.vcproj", "{D43171FB-8208-4E52-860A-6BAE2A2FA573}"
EndProject
Global
	GlobalSection(SolutionConfiguration) = preSolution
		ConfigName.0 = Release
	EndGlobalSection
	GlobalSection(ProjectDependencies) = postSolution
		{2A0A06A4-E9C6-4229-82EE-BD2D4E0A7221}.0 = {8C35D03D-8A66-4FBF-8972-8F5B835DF132}
		{D43171FB-8208-4E52-860A-6BAE2A2FA573}.0 = {2A0A06A4-E9C6-4229-82EE-BD2D4E0A7221}
		{D43171FB-8208-4E52-860A-6BAE2A2FA573}.0 = {2A0A06A4-E9C6-4229-82EE-BD2D4E0A7221}
		{D43171FB-8208-4E52-860A-6BAE2A2FA573}.0 = {2A0A06A4-E9C6-4229-82EE-BD2D4E0A7221}
		{D43171FB-8208-4E52-860A-6BAE2A2FA573}.0 = {2A0A06A4-E9C6-4229-82EE-BD2D4E0A7221}
		{D43171FB-8208-4E52-860A-6BAE2A2FA573}.0 = {2A0A06A4-E9C6-4229-82EE-BD2D4E0A7221}
		{D43171FB-8208-4E52-860A-6BAE2A2FA573}.0 = {2A0A06A4-E9C6-4229-82EE-BD2D4E0A7221}
		{D43171FB-8208-4E52-860A-6BAE2A2FA573}.0 = {2A0A06A4-E9C6-4229-82EE-BD2D4E0A7221}
		{1DA0A350-C188-4810-B903-3B603CA2E7D7}.0 = {2A0A06A4-E9C6-4229-82EE-BD2D4E0A7221}
	EndGlobalSection
	GlobalSection(ProjectConfiguration) = postSolution
		{8C35D03D-8A66-4FBF-8972-8F5B835DF132}.Release.ActiveCfg = Release|Win32
		{8C35D03D-8A66-4FBF-8972-8F5B835DF132}.Release.Build.0 = Release|Win32
		{2A0A06A4-E9C6-4229-82EE-BD2D4E0A7221}.Release.ActiveCfg = Release|Win32
		{2A0A06A4-E9C6-4229-82EE-BD2D4E0A7221}.Release.Build.0 = Release|Win32
		{D43171FB-8208-4E52-860A-6BAE2A2FA573}.Release.ActiveCfg = Release|Win32
		{D43171FB-8208-4E52-860A-6BAE2A2FA573}.Release.Build.0 = Release|Win32
		{D43171FB-8208-4E52-860A-6BAE2A2FA573}.Release.ActiveCfg = Release|Win32
		{D43171FB-8208-4E52-860A-6BAE2A2FA573}.Release.Build.0 = Release|Win32
		{D43171FB-8208-4E52-860A-6BAE2A2FA573}.Release.ActiveCfg = Release|Win32
		{D43171FB-8208-4E52-860A-6BAE2A2FA573}.Release.Build.0 = Release|Win32
		{D43171FB-8208-4E52-860A-6BAE2A2FA573}.Release.ActiveCfg = Release|Win32
		{D43171FB-8208-4E52-860A-6BAE2A2FA573}.Release.Build.0 = Release|Win32
		{D43171FB-8208-4E52-860A-6BAE2A2FA573}.Release.ActiveCfg = Release|Win32
		{D43171FB-8208-4E52-860A-6BAE2A2FA573}.Release.Build.0 = Release|Win32
		{D43171FB-8208-4E52-860A-6BAE2A2FA573}.Release.ActiveCfg = Release|Win32
		{D43171FB-8208-4E52-860A-6BAE2A2FA573}.Release.Build.0 = Release|Win32
		{D43171FB-8208-4E52-860A-6BAE2A2FA573}.Release.ActiveCfg = Release|Win32
		{D43171FB-8208-4E52-860A-6BAE2A2FA573}.Release.Build.0 = Release|Win32
		{1DA0A350-C188-4810-B903-3B603CA2E7D7}.Release.ActiveCfg = Release|Win32
		{1DA0A350-C188-4810-B903-3B603CA2E7D7}.Release.Build.0 = Release|Win32
		{D43171FB-8208-4E52-860A-6BAE2A2FA573}.Release.ActiveCfg = Release|Win32
		{D43171FB-8208-4E52-860A-6BAE2A2FA573}.Release.Build.0 = Release|Win32
	EndGlobalSection
	GlobalSection(SolutionItems) = postSolution
		Item:1 = Release\Custom.ini
		Item:2 = Release\eqgame.ini
		Item:3 = Release\GPL.txt
		Item:4 = Release\ItemDB.txt
		Item:5 = Release\locations.txt
		Item:6 = Release\MacroQuest.ini
	EndGlobalSection
	GlobalSection(ExtensibilityGlobals) = postSolution
	EndGlobalSection
	GlobalSection(ExtensibilityAddIns) = postSolution
	EndGlobalSection
EndGlobal
