<?xml version="1.0" encoding="utf-8"?>
<Project ToolsVersion="4.0" xmlns="http://schemas.microsoft.com/developer/msbuild/2003">
  <ItemGroup>
    <Filter Include="Source Files">
      <UniqueIdentifier>{7638d634-08d9-4a3c-84ac-354d3e032603}</UniqueIdentifier>
      <Extensions>cpp;c;cxx;def;odl;idl;hpj;bat;asm</Extensions>
    </Filter>
    <Filter Include="Header Files">
      <UniqueIdentifier>{5ac0bb5b-435b-4463-b600-807e80b3f45d}</UniqueIdentifier>
      <Extensions>h;hpp;hxx;hm;inl;inc</Extensions>
    </Filter>
    <Filter Include="Resource Files">
      <UniqueIdentifier>{09c504e4-d3d9-437b-a638-5f88dd08b58e}</UniqueIdentifier>
      <Extensions>rc;ico;cur;bmp;dlg;rc2;rct;bin;rgs;gif;jpg;jpeg;jpe</Extensions>
    </Filter>
  </ItemGroup>
  <ItemGroup>
    <ClCompile Include="ISXEQLegacy.cpp">
      <Filter>Source Files</Filter>
    </ClCompile>
    <ClCompile Include="ISXEQLegacyEngine.cpp">
      <Filter>Source Files</Filter>
    </ClCompile>
    <ClCompile Include="LegacyGlobals.cpp">
      <Filter>Source Files</Filter>
    </ClCompile>
    <ClCompile Include="..\MQ2Main\MQ2ChatHook.cpp">
      <Filter>Source Files</Filter>
    </ClCompile>
    <ClCompile Include="..\MQ2Main\MQ2CommandAPI.cpp">
      <Filter>Source Files</Filter>
    </ClCompile>
    <ClCompile Include="..\MQ2Main\MQ2Commands.cpp">
      <Filter>Source Files</Filter>
    </ClCompile>
    <ClCompile Include="..\MQ2Main\MQ2Data.cpp">
      <Filter>Source Files</Filter>
    </ClCompile>
    <ClCompile Include="..\MQ2Main\MQ2DataAPI.cpp">
      <Filter>Source Files</Filter>
    </ClCompile>
    <ClCompile Include="..\MQ2Main\MQ2DataTypes.cpp">
      <Filter>Source Files</Filter>
    </ClCompile>
    <ClCompile Include="..\MQ2Main\MQ2DataVars.cpp">
      <Filter>Source Files</Filter>
    </ClCompile>
    <ClCompile Include="..\MQ2Main\MQ2MacroCommands.cpp">
      <Filter>Source Files</Filter>
    </ClCompile>
    <ClCompile Include="..\MQ2Main\MQ2Mouse.cpp">
      <Filter>Source Files</Filter>
    </ClCompile>
    <ClCompile Include="..\MQ2Main\MQ2ParseAPI.cpp">
      <Filter>Source Files</Filter>
    </ClCompile>
    <ClCompile Include="..\MQ2Main\MQ2Pulse.cpp">
      <Filter>Source Files</Filter>
    </ClCompile>
    <ClCompile Include="..\MQ2Main\MQ2Spawns.cpp">
      <Filter>Source Files</Filter>
    </ClCompile>
    <ClCompile Include="..\MQ2Main\MQ2Utilities.cpp">
      <Filter>Source Files</Filter>
    </ClCompile>
    <ClCompile Include="..\MQ2Main\MQ2Windows.cpp">
      <Filter>Source Files</Filter>
    </ClCompile>
  </ItemGroup>
  <ItemGroup>
    <ClInclude Include="..\MQ2Main\combines.h">
      <Filter>Header Files</Filter>
    </ClInclude>
    <ClInclude Include="..\MQ2Main\dikeys.h">
      <Filter>Header Files</Filter>
    </ClInclude>
    <ClInclude Include="..\MQ2Main\EQClasses.h">
      <Filter>Header Files</Filter>
    </ClInclude>
    <ClInclude Include="..\MQ2Main\EQData.h">
      <Filter>Header Files</Filter>
    </ClInclude>
    <ClInclude Include="..\MQ2Main\eqgame.h">
      <Filter>Header Files</Filter>
    </ClInclude>
    <ClInclude Include="..\MQ2Main\EQUIStructs.h">
      <Filter>Header Files</Filter>
    </ClInclude>
    <ClInclude Include="..\MQ2Main\grounds.h">
      <Filter>Header Files</Filter>
    </ClInclude>
    <ClInclude Include="ISXEQLegacy.h">
      <Filter>Header Files</Filter>
    </ClInclude>
    <ClInclude Include="ISXEQLegacyEngine.h">
      <Filter>Header Files</Filter>
    </ClInclude>
    <ClInclude Include="..\MQ2Main\itemtypes.h">
      <Filter>Header Files</Filter>
    </ClInclude>
    <ClInclude Include="..\MQ2Main\MQ2Auth0.h">
      <Filter>Header Files</Filter>
    </ClInclude>
    <ClInclude Include="..\MQ2Main\MQ2Commands.h">
      <Filter>Header Files</Filter>
    </ClInclude>
    <ClInclude Include="..\MQ2Main\MQ2DataTypes.h">
      <Filter>Header Files</Filter>
    </ClInclude>
    <ClInclude Include="..\MQ2Main\MQ2Globals.h">
      <Filter>Header Files</Filter>
    </ClInclude>
    <ClInclude Include="..\MQ2Main\MQ2Inlines.h">
      <Filter>Header Files</Filter>
    </ClInclude>
    <ClInclude Include="..\MQ2Main\MQ2Internal.h">
      <Filter>Header Files</Filter>
    </ClInclude>
    <ClInclude Include="..\MQ2Main\MQ2Main.h">
      <Filter>Header Files</Filter>
    </ClInclude>
    <ClInclude Include="..\MQ2Main\MQ2Prototypes.h">
      <Filter>Header Files</Filter>
    </ClInclude>
    <ClInclude Include="..\MQ2Main\MQ2TopLevelObjects.h">
      <Filter>Header Files</Filter>
    </ClInclude>
    <ClInclude Include="..\MQ2Main\skills.h">
      <Filter>Header Files</Filter>
    </ClInclude>
    <ClInclude Include="..\MQ2Main\weapons.h">
      <Filter>Header Files</Filter>
    </ClInclude>
  </ItemGroup>
</Project>