<?xml version="1.0" encoding="utf-8"?>
<Project ToolsVersion="4.0" xmlns="http://schemas.microsoft.com/developer/msbuild/2003">
  <ItemGroup>
    <Filter Include="Source Files">
      <UniqueIdentifier>{e7e44809-0f82-4db2-984c-31747fe4ce1f}</UniqueIdentifier>
      <Extensions>cpp;c;cxx;def;odl;idl;hpj;bat;asm</Extensions>
    </Filter>
    <Filter Include="Header Files">
      <UniqueIdentifier>{7d76e3ff-990c-40f9-b8d8-82a5b2059c8d}</UniqueIdentifier>
      <Extensions>h;hpp;hxx;hm;inl;inc</Extensions>
    </Filter>
    <Filter Include="Resource Files">
      <UniqueIdentifier>{6663809b-5837-4dda-8ac8-c819f6f994e8}</UniqueIdentifier>
      <Extensions>rc;ico;cur;bmp;dlg;rc2;rct;bin;rgs;gif;jpg;jpeg;jpe</Extensions>
    </Filter>
  </ItemGroup>
  <ItemGroup>
    <ClCompile Include="TelnetServer.cpp">
      <Filter>Source Files</Filter>
    </ClCompile>
    <ClCompile Include="WinTelnet.cpp">
      <Filter>Source Files</Filter>
    </ClCompile>
    <ClCompile Include="mq2telnet.cpp">
      <Filter>Source Files</Filter>
    </ClCompile>
  </ItemGroup>
  <ItemGroup>
    <ClInclude Include="..\MQ2Plugin.h">
      <Filter>Header Files</Filter>
    </ClInclude>
    <ClInclude Include="Telnet.h">
      <Filter>Header Files</Filter>
    </ClInclude>
    <ClInclude Include="TelnetServer.h">
      <Filter>Header Files</Filter>
    </ClInclude>
    <ClInclude Include="WinTelnet.h">
      <Filter>Header Files</Filter>
    </ClInclude>
  </ItemGroup>
</Project>