<?xml version="1.0" encoding="utf-8"?>
<Project ToolsVersion="4.0" xmlns="http://schemas.microsoft.com/developer/msbuild/2003">
  <ItemGroup>
    <Filter Include="Source Files">
      <UniqueIdentifier>{09227b4c-9f93-4898-b773-605181d8cd32}</UniqueIdentifier>
      <Extensions>cpp;c;cxx;def;odl;idl;hpj;bat;asm</Extensions>
    </Filter>
    <Filter Include="Header Files">
      <UniqueIdentifier>{a1b5f54b-0490-4eba-b725-cd21f5ce8033}</UniqueIdentifier>
      <Extensions>h;hpp;hxx;hm;inl;inc</Extensions>
    </Filter>
    <Filter Include="Resource Files">
      <UniqueIdentifier>{84f870e9-f428-4920-a816-928e0487462d}</UniqueIdentifier>
      <Extensions>rc;ico;cur;bmp;dlg;rc2;rct;bin;rgs;gif;jpg;jpeg;jpe</Extensions>
    </Filter>
  </ItemGroup>
  <ItemGroup>
    <ClCompile Include="TelnetServer.cpp">
      <Filter>Source Files</Filter>
    </ClCompile>
    <ClCompile Include="WinTelnet.cpp">
      <Filter>Source Files</Filter>
    </ClCompile>
    <ClCompile Include="MQ2Telnet.cpp">
      <Filter>Source Files</Filter>
    </ClCompile>
  </ItemGroup>
  <ItemGroup>
    <ClInclude Include="..\MQ2Plugin.h">
      <Filter>Header Files</Filter>
    </ClInclude>
    <ClInclude Include="Telnet.h">
      <Filter>Header Files</Filter>
    </ClInclude>
    <ClInclude Include="TelnetServer.h">
      <Filter>Header Files</Filter>
    </ClInclude>
    <ClInclude Include="WinTelnet.h">
      <Filter>Header Files</Filter>
    </ClInclude>
  </ItemGroup>
</Project>