<?xml version="1.0" encoding="utf-8"?>
<Project ToolsVersion="4.0" xmlns="http://schemas.microsoft.com/developer/msbuild/2003">
  <ItemGroup>
    <Filter Include="Source Files">
      <UniqueIdentifier>{ef4e534b-c368-4424-b342-7ca1e4e62302}</UniqueIdentifier>
      <Extensions>cpp;c;cxx;def;odl;idl;hpj;bat;asm</Extensions>
    </Filter>
    <Filter Include="Header Files">
      <UniqueIdentifier>{eaecfe3f-5f26-496e-8c93-70481ca8f8cc}</UniqueIdentifier>
      <Extensions>h;hpp;hxx;hm;inl;inc</Extensions>
    </Filter>
    <Filter Include="Resource Files">
      <UniqueIdentifier>{f444558d-0978-4637-9574-41e30a49f137}</UniqueIdentifier>
    </Filter>
    <Filter Include="Source Files\Contrib">
      <UniqueIdentifier>{1a953c64-aeaf-4397-94a6-58df056d33ed}</UniqueIdentifier>
    </Filter>
    <Filter Include="Header Files\contrib">
      <UniqueIdentifier>{37f552ce-de79-4c09-bc69-6022bc7cedd3}</UniqueIdentifier>
    </Filter>
    <Filter Include="Header Files\contrib\fmt">
      <UniqueIdentifier>{e802e118-a7b2-4236-96b5-0f5ddce7bda0}</UniqueIdentifier>
    </Filter>
  </ItemGroup>
  <ItemGroup>
    <ClCompile Include="MQ2Auth.cpp">
      <Filter>Source Files</Filter>
    </ClCompile>
    <ClCompile Include="MQ2Benchmarks.cpp">
      <Filter>Source Files</Filter>
    </ClCompile>
    <ClCompile Include="MQ2ChatHook.cpp">
      <Filter>Source Files</Filter>
    </ClCompile>
    <ClCompile Include="MQ2CleanUI.cpp">
      <Filter>Source Files</Filter>
    </ClCompile>
    <ClCompile Include="MQ2CommandAPI.cpp">
      <Filter>Source Files</Filter>
    </ClCompile>
    <ClCompile Include="MQ2Commands.cpp">
      <Filter>Source Files</Filter>
    </ClCompile>
    <ClCompile Include="MQ2DInput.cpp">
      <Filter>Source Files</Filter>
    </ClCompile>
    <ClCompile Include="MQ2Data.cpp">
      <Filter>Source Files</Filter>
    </ClCompile>
    <ClCompile Include="MQ2DataAPI.cpp">
      <Filter>Source Files</Filter>
    </ClCompile>
    <ClCompile Include="MQ2DataTypes.cpp">
      <Filter>Source Files</Filter>
    </ClCompile>
    <ClCompile Include="MQ2DataVars.cpp">
      <Filter>Source Files</Filter>
    </ClCompile>
    <ClCompile Include="MQ2DetourAPI.cpp">
      <Filter>Source Files</Filter>
    </ClCompile>
    <ClCompile Include="MQ2Globals.cpp">
      <Filter>Source Files</Filter>
    </ClCompile>
    <ClCompile Include="MQ2KeyBinds.cpp">
      <Filter>Source Files</Filter>
    </ClCompile>
    <ClCompile Include="MQ2MacroCommands.cpp">
      <Filter>Source Files</Filter>
    </ClCompile>
    <ClCompile Include="MQ2Main.cpp">
      <Filter>Source Files</Filter>
    </ClCompile>
    <ClCompile Include="MQ2Mouse.cpp">
      <Filter>Source Files</Filter>
    </ClCompile>
    <ClCompile Include="MQ2ParseAPI.cpp">
      <Filter>Source Files</Filter>
    </ClCompile>
    <ClCompile Include="MQ2PluginHandler.cpp">
      <Filter>Source Files</Filter>
    </ClCompile>
    <ClCompile Include="MQ2Pulse.cpp">
      <Filter>Source Files</Filter>
    </ClCompile>
    <ClCompile Include="MQ2Spawns.cpp">
      <Filter>Source Files</Filter>
    </ClCompile>
    <ClCompile Include="MQ2Utilities.cpp">
      <Filter>Source Files</Filter>
    </ClCompile>
    <ClCompile Include="MQ2Windows.cpp">
      <Filter>Source Files</Filter>
    </ClCompile>
    <ClCompile Include="MQ2Spells.cpp">
      <Filter>Source Files</Filter>
    </ClCompile>
    <ClCompile Include="..\..\contrib\fmt\src\format.cc">
      <Filter>Source Files\Contrib</Filter>
    </ClCompile>
    <ClCompile Include="pch.cpp">
      <Filter>Source Files</Filter>
    </ClCompile>
  </ItemGroup>
  <ItemGroup>
    <ClInclude Include="..\Blech\Blech.h">
      <Filter>Header Files</Filter>
    </ClInclude>
    <ClInclude Include="MQ2Commands.h">
      <Filter>Header Files</Filter>
    </ClInclude>
    <ClInclude Include="MQ2DataTypes.h">
      <Filter>Header Files</Filter>
    </ClInclude>
    <ClInclude Include="MQ2Globals.h">
      <Filter>Header Files</Filter>
    </ClInclude>
    <ClInclude Include="MQ2Inlines.h">
      <Filter>Header Files</Filter>
    </ClInclude>
    <ClInclude Include="MQ2Internal.h">
      <Filter>Header Files</Filter>
    </ClInclude>
    <ClInclude Include="MQ2Main.h">
      <Filter>Header Files</Filter>
    </ClInclude>
    <ClInclude Include="MQ2Prototypes.h">
      <Filter>Header Files</Filter>
    </ClInclude>
    <ClInclude Include="MQ2TopLevelObjects.h">
      <Filter>Header Files</Filter>
    </ClInclude>
    <ClInclude Include="DataTypeList.h">
      <Filter>Header Files</Filter>
    </ClInclude>
    <ClInclude Include="resource.h">
      <Filter>Header Files</Filter>
    </ClInclude>
    <ClInclude Include="..\..\contrib\fmt\include\fmt\chrono.h">
      <Filter>Header Files\contrib\fmt</Filter>
    </ClInclude>
    <ClInclude Include="..\..\contrib\fmt\include\fmt\color.h">
      <Filter>Header Files\contrib\fmt</Filter>
    </ClInclude>
    <ClInclude Include="..\..\contrib\fmt\include\fmt\compile.h">
      <Filter>Header Files\contrib\fmt</Filter>
    </ClInclude>
    <ClInclude Include="..\..\contrib\fmt\include\fmt\core.h">
      <Filter>Header Files\contrib\fmt</Filter>
    </ClInclude>
    <ClInclude Include="..\..\contrib\fmt\include\fmt\format.h">
      <Filter>Header Files\contrib\fmt</Filter>
    </ClInclude>
    <ClInclude Include="..\..\contrib\fmt\include\fmt\format-inl.h">
      <Filter>Header Files\contrib\fmt</Filter>
    </ClInclude>
    <ClInclude Include="..\..\contrib\fmt\include\fmt\locale.h">
      <Filter>Header Files\contrib\fmt</Filter>
    </ClInclude>
    <ClInclude Include="..\..\contrib\fmt\include\fmt\ostream.h">
      <Filter>Header Files\contrib\fmt</Filter>
    </ClInclude>
    <ClInclude Include="..\..\contrib\fmt\include\fmt\posix.h">
      <Filter>Header Files\contrib\fmt</Filter>
    </ClInclude>
    <ClInclude Include="..\..\contrib\fmt\include\fmt\printf.h">
      <Filter>Header Files\contrib\fmt</Filter>
    </ClInclude>
    <ClInclude Include="..\..\contrib\fmt\include\fmt\ranges.h">
      <Filter>Header Files\contrib\fmt</Filter>
    </ClInclude>
    <ClInclude Include="..\..\contrib\fmt\include\fmt\safe-duration-cast.h">
      <Filter>Header Files\contrib\fmt</Filter>
    </ClInclude>
    <ClInclude Include="pch.h">
      <Filter>Header Files</Filter>
    </ClInclude>
  </ItemGroup>
  <ItemGroup>
    <ResourceCompile Include="MQ2Main.rc">
      <Filter>Resource Files</Filter>
    </ResourceCompile>
  </ItemGroup>
  <ItemGroup>
    <Natvis Include="..\MQ2.natvis">
      <Filter>Resource Files</Filter>
    </Natvis>
  </ItemGroup>
  <ItemGroup>
    <None Include="..\..\data\CHANGELOG.md">
      <Filter>Resource Files</Filter>
    </None>
  </ItemGroup>
  <ItemGroup>
    <Text Include="..\..\data\ItemDB.txt">
      <Filter>Resource Files</Filter>
    </Text>
    <Text Include="..\..\data\GPL.txt">
      <Filter>Resource Files</Filter>
    </Text>
  </ItemGroup>
</Project>