<?xml version="1.0" encoding="utf-8"?>
<Project ToolsVersion="4.0" xmlns="http://schemas.microsoft.com/developer/msbuild/2003">
  <ItemGroup>
    <Filter Include="Source Files">
      <UniqueIdentifier>{4FC737F1-C7A5-4376-A066-2A32D752A2FF}</UniqueIdentifier>
      <Extensions>cpp;c;cc;cxx;def;odl;idl;hpj;bat;asm;asmx</Extensions>
    </Filter>
    <Filter Include="Header Files">
      <UniqueIdentifier>{93995380-89BD-4b04-88EB-625FBE52EBFB}</UniqueIdentifier>
      <Extensions>h;hh;hpp;hxx;hm;inl;inc;ipp;xsd</Extensions>
    </Filter>
    <Filter Include="Resource Files">
      <UniqueIdentifier>{67DA6AB6-F800-4c08-8B7A-83BB121AAD01}</UniqueIdentifier>
      <Extensions>rc;ico;cur;bmp;dlg;rc2;rct;bin;rgs;gif;jpg;jpeg;jpe;resx;tiff;tif;png;wav;mfcribbon-ms</Extensions>
    </Filter>
  </ItemGroup>
  <ItemGroup>
    <ClInclude Include="pch.h">
      <Filter>Header Files</Filter>
    </ClInclude>
    <ClInclude Include="Allocator.h">
      <Filter>Header Files</Filter>
    </ClInclude>
    <ClInclude Include="Common.h">
      <Filter>Header Files</Filter>
    </ClInclude>
    <ClInclude Include="Containers.h">
      <Filter>Header Files</Filter>
    </ClInclude>
    <ClInclude Include="CXStr.h">
      <Filter>Header Files</Filter>
    </ClInclude>
    <ClInclude Include="CXWnd.h">
      <Filter>Header Files</Filter>
    </ClInclude>
    <ClInclude Include="CXWnd-Members.h">
      <Filter>Header Files</Filter>
    </ClInclude>
    <ClInclude Include="DynamicArray.h">
      <Filter>Header Files</Filter>
    </ClInclude>
    <ClInclude Include="EQClasses.h">
      <Filter>Header Files</Filter>
    </ClInclude>
    <ClInclude Include="EQData.h">
      <Filter>Header Files</Filter>
    </ClInclude>
    <ClInclude Include="eqgame.h">
      <Filter>Header Files</Filter>
    </ClInclude>
    <ClInclude Include="EQLib.h">
      <Filter>Header Files</Filter>
    </ClInclude>
    <ClInclude Include="EQUIStructs.h">
      <Filter>Header Files</Filter>
    </ClInclude>
    <ClInclude Include="Globals.h">
      <Filter>Header Files</Filter>
    </ClInclude>
    <ClInclude Include="ItemBase-Members.h">
      <Filter>Header Files</Filter>
    </ClInclude>
    <ClInclude Include="Items.h">
      <Filter>Header Files</Filter>
    </ClInclude>
    <ClInclude Include="Mutex.h">
      <Filter>Header Files</Filter>
    </ClInclude>
    <ClInclude Include="PcClient.h">
      <Filter>Header Files</Filter>
    </ClInclude>
    <ClInclude Include="PlayerClient.h">
      <Filter>Header Files</Filter>
    </ClInclude>
    <ClInclude Include="PlayerZoneClient-Members.h">
      <Filter>Header Files</Filter>
    </ClInclude>
    <ClInclude Include="SidlParams.h">
      <Filter>Header Files</Filter>
    </ClInclude>
    <ClInclude Include="SidlTemplates.h">
      <Filter>Header Files</Filter>
    </ClInclude>
    <ClInclude Include="Spells.h">
      <Filter>Header Files</Filter>
    </ClInclude>
    <ClInclude Include="UI.h">
      <Filter>Header Files</Filter>
    </ClInclude>
    <ClInclude Include="ForwardDecls.h">
      <Filter>Header Files</Filter>
    </ClInclude>
    <ClInclude Include="SoeUtil.h">
      <Filter>Header Files</Filter>
    </ClInclude>
    <ClInclude Include="OffsetUtils.h">
      <Filter>Header Files</Filter>
    </ClInclude>
    <ClInclude Include="GraphicsEngine.h">
      <Filter>Header Files</Filter>
    </ClInclude>
  </ItemGroup>
  <ItemGroup>
    <ClCompile Include="pch.cpp">
      <Filter>Source Files</Filter>
    </ClCompile>
    <ClCompile Include="UI.cpp">
      <Filter>Source Files</Filter>
    </ClCompile>
    <ClCompile Include="CXStr.cpp">
      <Filter>Source Files</Filter>
    </ClCompile>
    <ClCompile Include="CXWnd.cpp">
      <Filter>Source Files</Filter>
    </ClCompile>
    <ClCompile Include="EQClasses.cpp">
      <Filter>Source Files</Filter>
    </ClCompile>
    <ClCompile Include="EQLib.cpp">
      <Filter>Source Files</Filter>
    </ClCompile>
    <ClCompile Include="Globals.cpp">
      <Filter>Source Files</Filter>
    </ClCompile>
    <ClCompile Include="Items.cpp">
      <Filter>Source Files</Filter>
    </ClCompile>
    <ClCompile Include="PcClient.cpp">
      <Filter>Source Files</Filter>
    </ClCompile>
    <ClCompile Include="PlayerClient.cpp">
      <Filter>Source Files</Filter>
    </ClCompile>
    <ClCompile Include="SidlTemplates.cpp">
      <Filter>Source Files</Filter>
    </ClCompile>
    <ClCompile Include="ExceptionsDisabled.cpp">
      <Filter>Source Files</Filter>
    </ClCompile>
  </ItemGroup>
  <ItemGroup>
    <CustomBuild Include="AssemblyFunctions.asm">
      <Filter>Source Files</Filter>
    </CustomBuild>
  </ItemGroup>
  <ItemGroup>
    <None Include="AssemblyFunctions.def">
      <Filter>Source Files</Filter>
    </None>
  </ItemGroup>
</Project>